// !$*UTF8*$!
{
	archiveVersion = 1;
	classes = {
	};
	objectVersion = 56;
	objects = {

/* Begin PBXBuildFile section */
		062189862AC7308500F65105 /* Launch Screen.storyboard in Resources */ = {isa = PBXBuildFile; fileRef = 062189852AC7308500F65105 /* Launch Screen.storyboard */; };
		067F973A2AC842F700614916 /* SDWebImageSwiftUI in Frameworks */ = {isa = PBXBuildFile; productRef = 067F97392AC842F700614916 /* SDWebImageSwiftUI */; };
		067F973D2AC843D800614916 /* LOAD.GIF in Resources */ = {isa = PBXBuildFile; fileRef = 067F973C2AC843D800614916 /* LOAD.GIF */; };
		067F973F2AC84BD300614916 /* FirebaseAnalytics in Frameworks */ = {isa = PBXBuildFile; productRef = 067F973E2AC84BD300614916 /* FirebaseAnalytics */; };
		067F97412AC84BD300614916 /* FirebaseAnalyticsOnDeviceConversion in Frameworks */ = {isa = PBXBuildFile; productRef = 067F97402AC84BD300614916 /* FirebaseAnalyticsOnDeviceConversion */; };
		067F97432AC84BD300614916 /* FirebaseAnalyticsSwift in Frameworks */ = {isa = PBXBuildFile; productRef = 067F97422AC84BD300614916 /* FirebaseAnalyticsSwift */; };
		067F97452AC84BD300614916 /* FirebaseAnalyticsWithoutAdIdSupport in Frameworks */ = {isa = PBXBuildFile; productRef = 067F97442AC84BD300614916 /* FirebaseAnalyticsWithoutAdIdSupport */; };
		067F97472AC84BD300614916 /* FirebaseAppCheck in Frameworks */ = {isa = PBXBuildFile; productRef = 067F97462AC84BD300614916 /* FirebaseAppCheck */; };
		067F97492AC84BD300614916 /* FirebaseAppDistribution-Beta in Frameworks */ = {isa = PBXBuildFile; productRef = 067F97482AC84BD300614916 /* FirebaseAppDistribution-Beta */; };
		067F974B2AC84BD300614916 /* FirebaseAuth in Frameworks */ = {isa = PBXBuildFile; productRef = 067F974A2AC84BD300614916 /* FirebaseAuth */; };
		067F974D2AC84BD300614916 /* FirebaseAuthCombine-Community in Frameworks */ = {isa = PBXBuildFile; productRef = 067F974C2AC84BD300614916 /* FirebaseAuthCombine-Community */; };
		067F974F2AC84BD300614916 /* FirebaseCrashlytics in Frameworks */ = {isa = PBXBuildFile; productRef = 067F974E2AC84BD300614916 /* FirebaseCrashlytics */; };
		067F97512AC84BD300614916 /* FirebaseDatabase in Frameworks */ = {isa = PBXBuildFile; productRef = 067F97502AC84BD300614916 /* FirebaseDatabase */; };
		067F97532AC84BD300614916 /* FirebaseDatabaseSwift in Frameworks */ = {isa = PBXBuildFile; productRef = 067F97522AC84BD300614916 /* FirebaseDatabaseSwift */; };
		067F97552AC84BD300614916 /* FirebaseDynamicLinks in Frameworks */ = {isa = PBXBuildFile; productRef = 067F97542AC84BD300614916 /* FirebaseDynamicLinks */; };
		067F97572AC84BD300614916 /* FirebaseFirestore in Frameworks */ = {isa = PBXBuildFile; productRef = 067F97562AC84BD300614916 /* FirebaseFirestore */; };
		067F97592AC84BD300614916 /* FirebaseFirestoreCombine-Community in Frameworks */ = {isa = PBXBuildFile; productRef = 067F97582AC84BD300614916 /* FirebaseFirestoreCombine-Community */; };
		067F975B2AC84BD300614916 /* FirebaseFirestoreSwift in Frameworks */ = {isa = PBXBuildFile; productRef = 067F975A2AC84BD300614916 /* FirebaseFirestoreSwift */; };
		067F975D2AC84BD300614916 /* FirebaseFunctions in Frameworks */ = {isa = PBXBuildFile; productRef = 067F975C2AC84BD300614916 /* FirebaseFunctions */; };
		067F975F2AC84BD300614916 /* FirebaseFunctionsCombine-Community in Frameworks */ = {isa = PBXBuildFile; productRef = 067F975E2AC84BD300614916 /* FirebaseFunctionsCombine-Community */; };
		067F97612AC84BD300614916 /* FirebaseInAppMessaging-Beta in Frameworks */ = {isa = PBXBuildFile; productRef = 067F97602AC84BD300614916 /* FirebaseInAppMessaging-Beta */; };
		067F97632AC84BD300614916 /* FirebaseInAppMessagingSwift-Beta in Frameworks */ = {isa = PBXBuildFile; productRef = 067F97622AC84BD300614916 /* FirebaseInAppMessagingSwift-Beta */; };
		067F97652AC84BD300614916 /* FirebaseInstallations in Frameworks */ = {isa = PBXBuildFile; productRef = 067F97642AC84BD300614916 /* FirebaseInstallations */; };
		067F97672AC84BD300614916 /* FirebaseMLModelDownloader in Frameworks */ = {isa = PBXBuildFile; productRef = 067F97662AC84BD300614916 /* FirebaseMLModelDownloader */; };
		067F97692AC84BD300614916 /* FirebaseMessaging in Frameworks */ = {isa = PBXBuildFile; productRef = 067F97682AC84BD300614916 /* FirebaseMessaging */; };
		067F976B2AC84BD300614916 /* FirebasePerformance in Frameworks */ = {isa = PBXBuildFile; productRef = 067F976A2AC84BD300614916 /* FirebasePerformance */; };
		067F976D2AC84BD300614916 /* FirebaseRemoteConfig in Frameworks */ = {isa = PBXBuildFile; productRef = 067F976C2AC84BD300614916 /* FirebaseRemoteConfig */; };
		067F976F2AC84BD300614916 /* FirebaseRemoteConfigSwift in Frameworks */ = {isa = PBXBuildFile; productRef = 067F976E2AC84BD300614916 /* FirebaseRemoteConfigSwift */; };
		067F97712AC84BD300614916 /* FirebaseStorage in Frameworks */ = {isa = PBXBuildFile; productRef = 067F97702AC84BD300614916 /* FirebaseStorage */; };
		067F97732AC84BD300614916 /* FirebaseStorageCombine-Community in Frameworks */ = {isa = PBXBuildFile; productRef = 067F97722AC84BD300614916 /* FirebaseStorageCombine-Community */; };
		067F97752AC84BFE00614916 /* FirebaseAnalytics in Frameworks */ = {isa = PBXBuildFile; productRef = 067F97742AC84BFE00614916 /* FirebaseAnalytics */; };
		067F97772AC84BFE00614916 /* FirebaseAnalyticsOnDeviceConversion in Frameworks */ = {isa = PBXBuildFile; productRef = 067F97762AC84BFE00614916 /* FirebaseAnalyticsOnDeviceConversion */; };
		067F97792AC84BFE00614916 /* FirebaseAnalyticsSwift in Frameworks */ = {isa = PBXBuildFile; productRef = 067F97782AC84BFE00614916 /* FirebaseAnalyticsSwift */; };
		067F977B2AC84BFE00614916 /* FirebaseAnalyticsWithoutAdIdSupport in Frameworks */ = {isa = PBXBuildFile; productRef = 067F977A2AC84BFE00614916 /* FirebaseAnalyticsWithoutAdIdSupport */; };
		067F977D2AC84BFE00614916 /* FirebaseAppCheck in Frameworks */ = {isa = PBXBuildFile; productRef = 067F977C2AC84BFE00614916 /* FirebaseAppCheck */; };
		067F977F2AC84BFE00614916 /* FirebaseAppDistribution-Beta in Frameworks */ = {isa = PBXBuildFile; productRef = 067F977E2AC84BFE00614916 /* FirebaseAppDistribution-Beta */; };
		067F97812AC84BFE00614916 /* FirebaseAuth in Frameworks */ = {isa = PBXBuildFile; productRef = 067F97802AC84BFE00614916 /* FirebaseAuth */; };
		067F97832AC84BFE00614916 /* FirebaseAuthCombine-Community in Frameworks */ = {isa = PBXBuildFile; productRef = 067F97822AC84BFE00614916 /* FirebaseAuthCombine-Community */; };
		067F97852AC84BFE00614916 /* FirebaseCrashlytics in Frameworks */ = {isa = PBXBuildFile; productRef = 067F97842AC84BFE00614916 /* FirebaseCrashlytics */; };
		067F97872AC84BFE00614916 /* FirebaseDatabase in Frameworks */ = {isa = PBXBuildFile; productRef = 067F97862AC84BFE00614916 /* FirebaseDatabase */; };
		067F97892AC84BFE00614916 /* FirebaseDatabaseSwift in Frameworks */ = {isa = PBXBuildFile; productRef = 067F97882AC84BFE00614916 /* FirebaseDatabaseSwift */; };
		067F978B2AC84BFE00614916 /* FirebaseDynamicLinks in Frameworks */ = {isa = PBXBuildFile; productRef = 067F978A2AC84BFE00614916 /* FirebaseDynamicLinks */; };
		067F978D2AC84BFE00614916 /* FirebaseFirestore in Frameworks */ = {isa = PBXBuildFile; productRef = 067F978C2AC84BFE00614916 /* FirebaseFirestore */; };
		067F978F2AC84BFE00614916 /* FirebaseFirestoreCombine-Community in Frameworks */ = {isa = PBXBuildFile; productRef = 067F978E2AC84BFE00614916 /* FirebaseFirestoreCombine-Community */; };
		067F97912AC84BFE00614916 /* FirebaseFirestoreSwift in Frameworks */ = {isa = PBXBuildFile; productRef = 067F97902AC84BFE00614916 /* FirebaseFirestoreSwift */; };
		067F97932AC84BFE00614916 /* FirebaseFunctions in Frameworks */ = {isa = PBXBuildFile; productRef = 067F97922AC84BFE00614916 /* FirebaseFunctions */; };
		067F97952AC84BFE00614916 /* FirebaseFunctionsCombine-Community in Frameworks */ = {isa = PBXBuildFile; productRef = 067F97942AC84BFE00614916 /* FirebaseFunctionsCombine-Community */; };
		067F97972AC84BFE00614916 /* FirebaseInAppMessaging-Beta in Frameworks */ = {isa = PBXBuildFile; productRef = 067F97962AC84BFE00614916 /* FirebaseInAppMessaging-Beta */; };
		067F97992AC84BFE00614916 /* FirebaseInAppMessagingSwift-Beta in Frameworks */ = {isa = PBXBuildFile; productRef = 067F97982AC84BFE00614916 /* FirebaseInAppMessagingSwift-Beta */; };
		067F979B2AC84BFE00614916 /* FirebaseInstallations in Frameworks */ = {isa = PBXBuildFile; productRef = 067F979A2AC84BFE00614916 /* FirebaseInstallations */; };
		067F979D2AC84BFE00614916 /* FirebaseMLModelDownloader in Frameworks */ = {isa = PBXBuildFile; productRef = 067F979C2AC84BFE00614916 /* FirebaseMLModelDownloader */; };
		067F979F2AC84BFE00614916 /* FirebaseMessaging in Frameworks */ = {isa = PBXBuildFile; productRef = 067F979E2AC84BFE00614916 /* FirebaseMessaging */; };
		067F97A12AC84BFE00614916 /* FirebasePerformance in Frameworks */ = {isa = PBXBuildFile; productRef = 067F97A02AC84BFE00614916 /* FirebasePerformance */; };
		067F97A32AC84BFE00614916 /* FirebaseRemoteConfig in Frameworks */ = {isa = PBXBuildFile; productRef = 067F97A22AC84BFE00614916 /* FirebaseRemoteConfig */; };
		067F97A52AC84BFE00614916 /* FirebaseRemoteConfigSwift in Frameworks */ = {isa = PBXBuildFile; productRef = 067F97A42AC84BFE00614916 /* FirebaseRemoteConfigSwift */; };
		067F97A72AC84BFE00614916 /* FirebaseStorage in Frameworks */ = {isa = PBXBuildFile; productRef = 067F97A62AC84BFE00614916 /* FirebaseStorage */; };
		067F97A92AC84BFE00614916 /* FirebaseStorageCombine-Community in Frameworks */ = {isa = PBXBuildFile; productRef = 067F97A82AC84BFE00614916 /* FirebaseStorageCombine-Community */; };
		067F97AB2AC853AA00614916 /* ImagePicker.swift in Sources */ = {isa = PBXBuildFile; fileRef = 067F97AA2AC853AA00614916 /* ImagePicker.swift */; };
		067F97AD2AC85A5E00614916 /* HideKeyboardButton.swift in Sources */ = {isa = PBXBuildFile; fileRef = 067F97AC2AC85A5E00614916 /* HideKeyboardButton.swift */; };
		067F97B12ACB2BB800614916 /* DMButton.swift in Sources */ = {isa = PBXBuildFile; fileRef = 067F97B02ACB2BB800614916 /* DMButton.swift */; };
		067F97B32ACB323400614916 /* MessageText.swift in Sources */ = {isa = PBXBuildFile; fileRef = 067F97B22ACB323400614916 /* MessageText.swift */; };
		067F97B62ACC747700614916 /* ArrayManager.swift in Sources */ = {isa = PBXBuildFile; fileRef = 067F97B52ACC747700614916 /* ArrayManager.swift */; };
		067F97BA2ACC776400614916 /* ColorCell.swift in Sources */ = {isa = PBXBuildFile; fileRef = 067F97B92ACC776400614916 /* ColorCell.swift */; };
		0691EDE82AB1B75600CA92AD /* ToDoListApp.swift in Sources */ = {isa = PBXBuildFile; fileRef = 0691EDE72AB1B75600CA92AD /* ToDoListApp.swift */; };
		0691EDEA2AB1B75600CA92AD /* MainView.swift in Sources */ = {isa = PBXBuildFile; fileRef = 0691EDE92AB1B75600CA92AD /* MainView.swift */; };
		0691EDEC2AB1B75700CA92AD /* Assets.xcassets in Resources */ = {isa = PBXBuildFile; fileRef = 0691EDEB2AB1B75700CA92AD /* Assets.xcassets */; };
		0691EDEF2AB1B75700CA92AD /* Preview Assets.xcassets in Resources */ = {isa = PBXBuildFile; fileRef = 0691EDEE2AB1B75700CA92AD /* Preview Assets.xcassets */; };
		0691EDF72AB1B8D700CA92AD /* FirebaseAuth in Frameworks */ = {isa = PBXBuildFile; productRef = 0691EDF62AB1B8D700CA92AD /* FirebaseAuth */; };
		0691EDF92AB1B8D700CA92AD /* FirebaseFirestore in Frameworks */ = {isa = PBXBuildFile; productRef = 0691EDF82AB1B8D700CA92AD /* FirebaseFirestore */; };
		0691EDFB2AB1B8D700CA92AD /* FirebaseFirestoreSwift in Frameworks */ = {isa = PBXBuildFile; productRef = 0691EDFA2AB1B8D700CA92AD /* FirebaseFirestoreSwift */; };
		0691EDFD2AB1BE1300CA92AD /* GoogleService-Info.plist in Resources */ = {isa = PBXBuildFile; fileRef = 0691EDFC2AB1BE1300CA92AD /* GoogleService-Info.plist */; };
		0691EE032AB1E4EA00CA92AD /* ProfileView.swift in Sources */ = {isa = PBXBuildFile; fileRef = 0691EE022AB1E4EA00CA92AD /* ProfileView.swift */; };
		0691EE052AB1E65200CA92AD /* LoginView.swift in Sources */ = {isa = PBXBuildFile; fileRef = 0691EE042AB1E65200CA92AD /* LoginView.swift */; };
		0691EE072AB1EEF800CA92AD /* RegisterView.swift in Sources */ = {isa = PBXBuildFile; fileRef = 0691EE062AB1EEF800CA92AD /* RegisterView.swift */; };
		0691EE092AB1EF7300CA92AD /* ToDoListView.swift in Sources */ = {isa = PBXBuildFile; fileRef = 0691EE082AB1EF7300CA92AD /* ToDoListView.swift */; };
		0691EE0B2AB1EF9B00CA92AD /* NewItemView.swift in Sources */ = {isa = PBXBuildFile; fileRef = 0691EE0A2AB1EF9B00CA92AD /* NewItemView.swift */; };
		0691EE0D2AB1EFFA00CA92AD /* ToDoListItemView.swift in Sources */ = {isa = PBXBuildFile; fileRef = 0691EE0C2AB1EFFA00CA92AD /* ToDoListItemView.swift */; };
		0691EE0F2AB1F0BC00CA92AD /* User.swift in Sources */ = {isa = PBXBuildFile; fileRef = 0691EE0E2AB1F0BC00CA92AD /* User.swift */; };
		0691EE112AB1F0DD00CA92AD /* ToDoListItem.swift in Sources */ = {isa = PBXBuildFile; fileRef = 0691EE102AB1F0DD00CA92AD /* ToDoListItem.swift */; };
		0691EE132AB1F12F00CA92AD /* MainViewViewModel.swift in Sources */ = {isa = PBXBuildFile; fileRef = 0691EE122AB1F12F00CA92AD /* MainViewViewModel.swift */; };
		0691EE152AB1F16100CA92AD /* ProfileViewViewModel.swift in Sources */ = {isa = PBXBuildFile; fileRef = 0691EE142AB1F16100CA92AD /* ProfileViewViewModel.swift */; };
		0691EE172AB1F2C600CA92AD /* ToDoListViewViewModel.swift in Sources */ = {isa = PBXBuildFile; fileRef = 0691EE162AB1F2C600CA92AD /* ToDoListViewViewModel.swift */; };
		0691EE192AB1F30F00CA92AD /* NewItemViewViewModel.swift in Sources */ = {isa = PBXBuildFile; fileRef = 0691EE182AB1F30F00CA92AD /* NewItemViewViewModel.swift */; };
		0691EE1B2AB1F34A00CA92AD /* LoginViewViewModel.swift in Sources */ = {isa = PBXBuildFile; fileRef = 0691EE1A2AB1F34A00CA92AD /* LoginViewViewModel.swift */; };
		0691EE1D2AB1F36800CA92AD /* RegisterViewViewModel.swift in Sources */ = {isa = PBXBuildFile; fileRef = 0691EE1C2AB1F36800CA92AD /* RegisterViewViewModel.swift */; };
		0691EE1F2AB1F39D00CA92AD /* ToDoListItemViewViewModel.swift in Sources */ = {isa = PBXBuildFile; fileRef = 0691EE1E2AB1F39D00CA92AD /* ToDoListItemViewViewModel.swift */; };
		0691EE212AB305BD00CA92AD /* HeaderView.swift in Sources */ = {isa = PBXBuildFile; fileRef = 0691EE202AB305BD00CA92AD /* HeaderView.swift */; };
		0691EE232ABC3AAC00CA92AD /* TLButton.swift in Sources */ = {isa = PBXBuildFile; fileRef = 0691EE222ABC3AAC00CA92AD /* TLButton.swift */; };
		06E4D2E52ABF5A7200E0B25A /* Encodable.swift in Sources */ = {isa = PBXBuildFile; fileRef = 06E4D2E42ABF5A7200E0B25A /* Encodable.swift */; };
/* End PBXBuildFile section */

/* Begin PBXFileReference section */
		062189852AC7308500F65105 /* Launch Screen.storyboard */ = {isa = PBXFileReference; lastKnownFileType = file.storyboard; path = "Launch Screen.storyboard"; sourceTree = "<group>"; };
		067F973C2AC843D800614916 /* LOAD.GIF */ = {isa = PBXFileReference; lastKnownFileType = image.gif; path = LOAD.GIF; sourceTree = "<group>"; };
		067F97AA2AC853AA00614916 /* ImagePicker.swift */ = {isa = PBXFileReference; lastKnownFileType = sourcecode.swift; path = ImagePicker.swift; sourceTree = "<group>"; };
		067F97AC2AC85A5E00614916 /* HideKeyboardButton.swift */ = {isa = PBXFileReference; lastKnownFileType = sourcecode.swift; path = HideKeyboardButton.swift; sourceTree = "<group>"; };
		067F97B02ACB2BB800614916 /* DMButton.swift */ = {isa = PBXFileReference; lastKnownFileType = sourcecode.swift; path = DMButton.swift; sourceTree = "<group>"; };
		067F97B22ACB323400614916 /* MessageText.swift */ = {isa = PBXFileReference; lastKnownFileType = sourcecode.swift; path = MessageText.swift; sourceTree = "<group>"; };
		067F97B52ACC747700614916 /* ArrayManager.swift */ = {isa = PBXFileReference; lastKnownFileType = sourcecode.swift; path = ArrayManager.swift; sourceTree = "<group>"; };
		067F97B92ACC776400614916 /* ColorCell.swift */ = {isa = PBXFileReference; lastKnownFileType = sourcecode.swift; path = ColorCell.swift; sourceTree = "<group>"; };
		0691EDE42AB1B75600CA92AD /* ToDoList.app */ = {isa = PBXFileReference; explicitFileType = wrapper.application; includeInIndex = 0; path = ToDoList.app; sourceTree = BUILT_PRODUCTS_DIR; };
		0691EDE72AB1B75600CA92AD /* ToDoListApp.swift */ = {isa = PBXFileReference; lastKnownFileType = sourcecode.swift; path = ToDoListApp.swift; sourceTree = "<group>"; };
		0691EDE92AB1B75600CA92AD /* MainView.swift */ = {isa = PBXFileReference; lastKnownFileType = sourcecode.swift; path = MainView.swift; sourceTree = "<group>"; };
		0691EDEB2AB1B75700CA92AD /* Assets.xcassets */ = {isa = PBXFileReference; lastKnownFileType = folder.assetcatalog; path = Assets.xcassets; sourceTree = "<group>"; };
		0691EDEE2AB1B75700CA92AD /* Preview Assets.xcassets */ = {isa = PBXFileReference; lastKnownFileType = folder.assetcatalog; path = "Preview Assets.xcassets"; sourceTree = "<group>"; };
		0691EDFC2AB1BE1300CA92AD /* GoogleService-Info.plist */ = {isa = PBXFileReference; fileEncoding = 4; lastKnownFileType = text.plist.xml; path = "GoogleService-Info.plist"; sourceTree = "<group>"; };
		0691EE022AB1E4EA00CA92AD /* ProfileView.swift */ = {isa = PBXFileReference; lastKnownFileType = sourcecode.swift; path = ProfileView.swift; sourceTree = "<group>"; };
		0691EE042AB1E65200CA92AD /* LoginView.swift */ = {isa = PBXFileReference; lastKnownFileType = sourcecode.swift; path = LoginView.swift; sourceTree = "<group>"; };
		0691EE062AB1EEF800CA92AD /* RegisterView.swift */ = {isa = PBXFileReference; lastKnownFileType = sourcecode.swift; path = RegisterView.swift; sourceTree = "<group>"; };
		0691EE082AB1EF7300CA92AD /* ToDoListView.swift */ = {isa = PBXFileReference; lastKnownFileType = sourcecode.swift; path = ToDoListView.swift; sourceTree = "<group>"; };
		0691EE0A2AB1EF9B00CA92AD /* NewItemView.swift */ = {isa = PBXFileReference; lastKnownFileType = sourcecode.swift; path = NewItemView.swift; sourceTree = "<group>"; };
		0691EE0C2AB1EFFA00CA92AD /* ToDoListItemView.swift */ = {isa = PBXFileReference; lastKnownFileType = sourcecode.swift; path = ToDoListItemView.swift; sourceTree = "<group>"; };
		0691EE0E2AB1F0BC00CA92AD /* User.swift */ = {isa = PBXFileReference; lastKnownFileType = sourcecode.swift; path = User.swift; sourceTree = "<group>"; };
		0691EE102AB1F0DD00CA92AD /* ToDoListItem.swift */ = {isa = PBXFileReference; lastKnownFileType = sourcecode.swift; path = ToDoListItem.swift; sourceTree = "<group>"; };
		0691EE122AB1F12F00CA92AD /* MainViewViewModel.swift */ = {isa = PBXFileReference; lastKnownFileType = sourcecode.swift; path = MainViewViewModel.swift; sourceTree = "<group>"; };
		0691EE142AB1F16100CA92AD /* ProfileViewViewModel.swift */ = {isa = PBXFileReference; lastKnownFileType = sourcecode.swift; path = ProfileViewViewModel.swift; sourceTree = "<group>"; };
		0691EE162AB1F2C600CA92AD /* ToDoListViewViewModel.swift */ = {isa = PBXFileReference; lastKnownFileType = sourcecode.swift; path = ToDoListViewViewModel.swift; sourceTree = "<group>"; };
		0691EE182AB1F30F00CA92AD /* NewItemViewViewModel.swift */ = {isa = PBXFileReference; lastKnownFileType = sourcecode.swift; path = NewItemViewViewModel.swift; sourceTree = "<group>"; };
		0691EE1A2AB1F34A00CA92AD /* LoginViewViewModel.swift */ = {isa = PBXFileReference; lastKnownFileType = sourcecode.swift; path = LoginViewViewModel.swift; sourceTree = "<group>"; };
		0691EE1C2AB1F36800CA92AD /* RegisterViewViewModel.swift */ = {isa = PBXFileReference; lastKnownFileType = sourcecode.swift; path = RegisterViewViewModel.swift; sourceTree = "<group>"; };
		0691EE1E2AB1F39D00CA92AD /* ToDoListItemViewViewModel.swift */ = {isa = PBXFileReference; lastKnownFileType = sourcecode.swift; path = ToDoListItemViewViewModel.swift; sourceTree = "<group>"; };
		0691EE202AB305BD00CA92AD /* HeaderView.swift */ = {isa = PBXFileReference; lastKnownFileType = sourcecode.swift; path = HeaderView.swift; sourceTree = "<group>"; };
		0691EE222ABC3AAC00CA92AD /* TLButton.swift */ = {isa = PBXFileReference; lastKnownFileType = sourcecode.swift; path = TLButton.swift; sourceTree = "<group>"; };
		06E4D2E42ABF5A7200E0B25A /* Encodable.swift */ = {isa = PBXFileReference; lastKnownFileType = sourcecode.swift; path = Encodable.swift; sourceTree = "<group>"; };
/* End PBXFileReference section */

/* Begin PBXFrameworksBuildPhase section */
		0691EDE12AB1B75600CA92AD /* Frameworks */ = {
			isa = PBXFrameworksBuildPhase;
			buildActionMask = 2147483647;
			files = (
				067F97892AC84BFE00614916 /* FirebaseDatabaseSwift in Frameworks */,
				067F97532AC84BD300614916 /* FirebaseDatabaseSwift in Frameworks */,
				067F97A12AC84BFE00614916 /* FirebasePerformance in Frameworks */,
				067F977F2AC84BFE00614916 /* FirebaseAppDistribution-Beta in Frameworks */,
				067F978F2AC84BFE00614916 /* FirebaseFirestoreCombine-Community in Frameworks */,
				067F973A2AC842F700614916 /* SDWebImageSwiftUI in Frameworks */,
				067F976B2AC84BD300614916 /* FirebasePerformance in Frameworks */,
				067F97832AC84BFE00614916 /* FirebaseAuthCombine-Community in Frameworks */,
				067F976D2AC84BD300614916 /* FirebaseRemoteConfig in Frameworks */,
				067F97412AC84BD300614916 /* FirebaseAnalyticsOnDeviceConversion in Frameworks */,
				067F97652AC84BD300614916 /* FirebaseInstallations in Frameworks */,
				067F978D2AC84BFE00614916 /* FirebaseFirestore in Frameworks */,
				067F979D2AC84BFE00614916 /* FirebaseMLModelDownloader in Frameworks */,
				067F97592AC84BD300614916 /* FirebaseFirestoreCombine-Community in Frameworks */,
				067F97632AC84BD300614916 /* FirebaseInAppMessagingSwift-Beta in Frameworks */,
				0691EDF72AB1B8D700CA92AD /* FirebaseAuth in Frameworks */,
				067F97672AC84BD300614916 /* FirebaseMLModelDownloader in Frameworks */,
				067F97A52AC84BFE00614916 /* FirebaseRemoteConfigSwift in Frameworks */,
				067F97692AC84BD300614916 /* FirebaseMessaging in Frameworks */,
				067F977B2AC84BFE00614916 /* FirebaseAnalyticsWithoutAdIdSupport in Frameworks */,
				067F97812AC84BFE00614916 /* FirebaseAuth in Frameworks */,
				067F97872AC84BFE00614916 /* FirebaseDatabase in Frameworks */,
				067F975B2AC84BD300614916 /* FirebaseFirestoreSwift in Frameworks */,
				067F97572AC84BD300614916 /* FirebaseFirestore in Frameworks */,
				067F978B2AC84BFE00614916 /* FirebaseDynamicLinks in Frameworks */,
				067F97972AC84BFE00614916 /* FirebaseInAppMessaging-Beta in Frameworks */,
				067F97772AC84BFE00614916 /* FirebaseAnalyticsOnDeviceConversion in Frameworks */,
				067F97952AC84BFE00614916 /* FirebaseFunctionsCombine-Community in Frameworks */,
				067F975D2AC84BD300614916 /* FirebaseFunctions in Frameworks */,
				067F977D2AC84BFE00614916 /* FirebaseAppCheck in Frameworks */,
				0691EDF92AB1B8D700CA92AD /* FirebaseFirestore in Frameworks */,
				067F97432AC84BD300614916 /* FirebaseAnalyticsSwift in Frameworks */,
				067F973F2AC84BD300614916 /* FirebaseAnalytics in Frameworks */,
				0691EDFB2AB1B8D700CA92AD /* FirebaseFirestoreSwift in Frameworks */,
				067F974D2AC84BD300614916 /* FirebaseAuthCombine-Community in Frameworks */,
				067F979F2AC84BFE00614916 /* FirebaseMessaging in Frameworks */,
				067F97792AC84BFE00614916 /* FirebaseAnalyticsSwift in Frameworks */,
				067F974B2AC84BD300614916 /* FirebaseAuth in Frameworks */,
				067F975F2AC84BD300614916 /* FirebaseFunctionsCombine-Community in Frameworks */,
				067F974F2AC84BD300614916 /* FirebaseCrashlytics in Frameworks */,
				067F97552AC84BD300614916 /* FirebaseDynamicLinks in Frameworks */,
				067F97712AC84BD300614916 /* FirebaseStorage in Frameworks */,
				067F97612AC84BD300614916 /* FirebaseInAppMessaging-Beta in Frameworks */,
				067F97912AC84BFE00614916 /* FirebaseFirestoreSwift in Frameworks */,
				067F976F2AC84BD300614916 /* FirebaseRemoteConfigSwift in Frameworks */,
				067F97A32AC84BFE00614916 /* FirebaseRemoteConfig in Frameworks */,
				067F97752AC84BFE00614916 /* FirebaseAnalytics in Frameworks */,
				067F97A72AC84BFE00614916 /* FirebaseStorage in Frameworks */,
				067F979B2AC84BFE00614916 /* FirebaseInstallations in Frameworks */,
				067F97992AC84BFE00614916 /* FirebaseInAppMessagingSwift-Beta in Frameworks */,
				067F97492AC84BD300614916 /* FirebaseAppDistribution-Beta in Frameworks */,
				067F97732AC84BD300614916 /* FirebaseStorageCombine-Community in Frameworks */,
				067F97472AC84BD300614916 /* FirebaseAppCheck in Frameworks */,
				067F97852AC84BFE00614916 /* FirebaseCrashlytics in Frameworks */,
				067F97512AC84BD300614916 /* FirebaseDatabase in Frameworks */,
				067F97452AC84BD300614916 /* FirebaseAnalyticsWithoutAdIdSupport in Frameworks */,
				067F97A92AC84BFE00614916 /* FirebaseStorageCombine-Community in Frameworks */,
				067F97932AC84BFE00614916 /* FirebaseFunctions in Frameworks */,
			);
			runOnlyForDeploymentPostprocessing = 0;
		};
/* End PBXFrameworksBuildPhase section */

/* Begin PBXGroup section */
		067F973B2AC843C200614916 /* GIF */ = {
			isa = PBXGroup;
			children = (
				067F973C2AC843D800614916 /* LOAD.GIF */,
			);
			path = GIF;
			sourceTree = "<group>";
		};
		067F97B42ACC743100614916 /* Manager */ = {
			isa = PBXGroup;
			children = (
				067F97B52ACC747700614916 /* ArrayManager.swift */,
			);
			path = Manager;
			sourceTree = "<group>";
		};
		0691EDDB2AB1B75600CA92AD = {
			isa = PBXGroup;
			children = (
				0691EDE62AB1B75600CA92AD /* ToDoList */,
				0691EDE52AB1B75600CA92AD /* Products */,
			);
			sourceTree = "<group>";
		};
		0691EDE52AB1B75600CA92AD /* Products */ = {
			isa = PBXGroup;
			children = (
				0691EDE42AB1B75600CA92AD /* ToDoList.app */,
			);
			name = Products;
			sourceTree = "<group>";
		};
		0691EDE62AB1B75600CA92AD /* ToDoList */ = {
			isa = PBXGroup;
			children = (
				06E4D2E62ABF5BEF00E0B25A /* Extension */,
				067F973B2AC843C200614916 /* GIF */,
				067F97B42ACC743100614916 /* Manager */,
				0691EE002AB1D96600CA92AD /* Model */,
				0691EE012AB1DA7900CA92AD /* Other */,
				0691EDFE2AB1D90300CA92AD /* View */,
				0691EDFF2AB1D92B00CA92AD /* ViewModel */,
				0691EDED2AB1B75700CA92AD /* Preview Content */,
			);
			path = ToDoList;
			sourceTree = "<group>";
		};
		0691EDED2AB1B75700CA92AD /* Preview Content */ = {
			isa = PBXGroup;
			children = (
				0691EDEE2AB1B75700CA92AD /* Preview Assets.xcassets */,
			);
			path = "Preview Content";
			sourceTree = "<group>";
		};
		0691EDFE2AB1D90300CA92AD /* View */ = {
			isa = PBXGroup;
			children = (
				067F97B92ACC776400614916 /* ColorCell.swift */,
				067F97B02ACB2BB800614916 /* DMButton.swift */,
				0691EE202AB305BD00CA92AD /* HeaderView.swift */,
				067F97AC2AC85A5E00614916 /* HideKeyboardButton.swift */,
				0691EE042AB1E65200CA92AD /* LoginView.swift */,
				0691EDE92AB1B75600CA92AD /* MainView.swift */,
				067F97B22ACB323400614916 /* MessageText.swift */,
				0691EE0A2AB1EF9B00CA92AD /* NewItemView.swift */,
				0691EE022AB1E4EA00CA92AD /* ProfileView.swift */,
				0691EE062AB1EEF800CA92AD /* RegisterView.swift */,
				0691EE0C2AB1EFFA00CA92AD /* ToDoListItemView.swift */,
				0691EE082AB1EF7300CA92AD /* ToDoListView.swift */,
				0691EE222ABC3AAC00CA92AD /* TLButton.swift */,
			);
			path = View;
			sourceTree = "<group>";
		};
		0691EDFF2AB1D92B00CA92AD /* ViewModel */ = {
			isa = PBXGroup;
			children = (
				0691EE1A2AB1F34A00CA92AD /* LoginViewViewModel.swift */,
				0691EE122AB1F12F00CA92AD /* MainViewViewModel.swift */,
				0691EE182AB1F30F00CA92AD /* NewItemViewViewModel.swift */,
				0691EE142AB1F16100CA92AD /* ProfileViewViewModel.swift */,
				0691EE1C2AB1F36800CA92AD /* RegisterViewViewModel.swift */,
				0691EE1E2AB1F39D00CA92AD /* ToDoListItemViewViewModel.swift */,
				0691EE162AB1F2C600CA92AD /* ToDoListViewViewModel.swift */,
			);
			path = ViewModel;
			sourceTree = "<group>";
		};
		0691EE002AB1D96600CA92AD /* Model */ = {
			isa = PBXGroup;
			children = (
				0691EE102AB1F0DD00CA92AD /* ToDoListItem.swift */,
				0691EE0E2AB1F0BC00CA92AD /* User.swift */,
			);
			path = Model;
			sourceTree = "<group>";
		};
		0691EE012AB1DA7900CA92AD /* Other */ = {
			isa = PBXGroup;
			children = (
				062189852AC7308500F65105 /* Launch Screen.storyboard */,
				067F97AA2AC853AA00614916 /* ImagePicker.swift */,
				0691EDE72AB1B75600CA92AD /* ToDoListApp.swift */,
				0691EDEB2AB1B75700CA92AD /* Assets.xcassets */,
				0691EDFC2AB1BE1300CA92AD /* GoogleService-Info.plist */,
			);
			path = Other;
			sourceTree = "<group>";
		};
		06E4D2E62ABF5BEF00E0B25A /* Extension */ = {
			isa = PBXGroup;
			children = (
				06E4D2E42ABF5A7200E0B25A /* Encodable.swift */,
			);
			path = Extension;
			sourceTree = "<group>";
		};
/* End PBXGroup section */

/* Begin PBXNativeTarget section */
		0691EDE32AB1B75600CA92AD /* ToDoList */ = {
			isa = PBXNativeTarget;
			buildConfigurationList = 0691EDF22AB1B75700CA92AD /* Build configuration list for PBXNativeTarget "ToDoList" */;
			buildPhases = (
				0691EDE02AB1B75600CA92AD /* Sources */,
				0691EDE12AB1B75600CA92AD /* Frameworks */,
				0691EDE22AB1B75600CA92AD /* Resources */,
			);
			buildRules = (
			);
			dependencies = (
			);
			name = ToDoList;
			packageProductDependencies = (
				0691EDF62AB1B8D700CA92AD /* FirebaseAuth */,
				0691EDF82AB1B8D700CA92AD /* FirebaseFirestore */,
				0691EDFA2AB1B8D700CA92AD /* FirebaseFirestoreSwift */,
				067F97392AC842F700614916 /* SDWebImageSwiftUI */,
				067F973E2AC84BD300614916 /* FirebaseAnalytics */,
				067F97402AC84BD300614916 /* FirebaseAnalyticsOnDeviceConversion */,
				067F97422AC84BD300614916 /* FirebaseAnalyticsSwift */,
				067F97442AC84BD300614916 /* FirebaseAnalyticsWithoutAdIdSupport */,
				067F97462AC84BD300614916 /* FirebaseAppCheck */,
				067F97482AC84BD300614916 /* FirebaseAppDistribution-Beta */,
				067F974A2AC84BD300614916 /* FirebaseAuth */,
				067F974C2AC84BD300614916 /* FirebaseAuthCombine-Community */,
				067F974E2AC84BD300614916 /* FirebaseCrashlytics */,
				067F97502AC84BD300614916 /* FirebaseDatabase */,
				067F97522AC84BD300614916 /* FirebaseDatabaseSwift */,
				067F97542AC84BD300614916 /* FirebaseDynamicLinks */,
				067F97562AC84BD300614916 /* FirebaseFirestore */,
				067F97582AC84BD300614916 /* FirebaseFirestoreCombine-Community */,
				067F975A2AC84BD300614916 /* FirebaseFirestoreSwift */,
				067F975C2AC84BD300614916 /* FirebaseFunctions */,
				067F975E2AC84BD300614916 /* FirebaseFunctionsCombine-Community */,
				067F97602AC84BD300614916 /* FirebaseInAppMessaging-Beta */,
				067F97622AC84BD300614916 /* FirebaseInAppMessagingSwift-Beta */,
				067F97642AC84BD300614916 /* FirebaseInstallations */,
				067F97662AC84BD300614916 /* FirebaseMLModelDownloader */,
				067F97682AC84BD300614916 /* FirebaseMessaging */,
				067F976A2AC84BD300614916 /* FirebasePerformance */,
				067F976C2AC84BD300614916 /* FirebaseRemoteConfig */,
				067F976E2AC84BD300614916 /* FirebaseRemoteConfigSwift */,
				067F97702AC84BD300614916 /* FirebaseStorage */,
				067F97722AC84BD300614916 /* FirebaseStorageCombine-Community */,
				067F97742AC84BFE00614916 /* FirebaseAnalytics */,
				067F97762AC84BFE00614916 /* FirebaseAnalyticsOnDeviceConversion */,
				067F97782AC84BFE00614916 /* FirebaseAnalyticsSwift */,
				067F977A2AC84BFE00614916 /* FirebaseAnalyticsWithoutAdIdSupport */,
				067F977C2AC84BFE00614916 /* FirebaseAppCheck */,
				067F977E2AC84BFE00614916 /* FirebaseAppDistribution-Beta */,
				067F97802AC84BFE00614916 /* FirebaseAuth */,
				067F97822AC84BFE00614916 /* FirebaseAuthCombine-Community */,
				067F97842AC84BFE00614916 /* FirebaseCrashlytics */,
				067F97862AC84BFE00614916 /* FirebaseDatabase */,
				067F97882AC84BFE00614916 /* FirebaseDatabaseSwift */,
				067F978A2AC84BFE00614916 /* FirebaseDynamicLinks */,
				067F978C2AC84BFE00614916 /* FirebaseFirestore */,
				067F978E2AC84BFE00614916 /* FirebaseFirestoreCombine-Community */,
				067F97902AC84BFE00614916 /* FirebaseFirestoreSwift */,
				067F97922AC84BFE00614916 /* FirebaseFunctions */,
				067F97942AC84BFE00614916 /* FirebaseFunctionsCombine-Community */,
				067F97962AC84BFE00614916 /* FirebaseInAppMessaging-Beta */,
				067F97982AC84BFE00614916 /* FirebaseInAppMessagingSwift-Beta */,
				067F979A2AC84BFE00614916 /* FirebaseInstallations */,
				067F979C2AC84BFE00614916 /* FirebaseMLModelDownloader */,
				067F979E2AC84BFE00614916 /* FirebaseMessaging */,
				067F97A02AC84BFE00614916 /* FirebasePerformance */,
				067F97A22AC84BFE00614916 /* FirebaseRemoteConfig */,
				067F97A42AC84BFE00614916 /* FirebaseRemoteConfigSwift */,
				067F97A62AC84BFE00614916 /* FirebaseStorage */,
				067F97A82AC84BFE00614916 /* FirebaseStorageCombine-Community */,
			);
			productName = ToDoList;
			productReference = 0691EDE42AB1B75600CA92AD /* ToDoList.app */;
			productType = "com.apple.product-type.application";
		};
/* End PBXNativeTarget section */

/* Begin PBXProject section */
		0691EDDC2AB1B75600CA92AD /* Project object */ = {
			isa = PBXProject;
			attributes = {
				BuildIndependentTargetsInParallel = 1;
				LastSwiftUpdateCheck = 1430;
				LastUpgradeCheck = 1430;
				TargetAttributes = {
					0691EDE32AB1B75600CA92AD = {
						CreatedOnToolsVersion = 14.3;
					};
				};
			};
			buildConfigurationList = 0691EDDF2AB1B75600CA92AD /* Build configuration list for PBXProject "ToDoList" */;
			compatibilityVersion = "Xcode 14.0";
			developmentRegion = en;
			hasScannedForEncodings = 0;
			knownRegions = (
				en,
				Base,
			);
			mainGroup = 0691EDDB2AB1B75600CA92AD;
			packageReferences = (
				0691EDF52AB1B8D700CA92AD /* XCRemoteSwiftPackageReference "firebase-ios-sdk" */,
				067F97382AC842F700614916 /* XCRemoteSwiftPackageReference "SDWebImageSwiftUI" */,
			);
			productRefGroup = 0691EDE52AB1B75600CA92AD /* Products */;
			projectDirPath = "";
			projectRoot = "";
			targets = (
				0691EDE32AB1B75600CA92AD /* ToDoList */,
			);
		};
/* End PBXProject section */

/* Begin PBXResourcesBuildPhase section */
		0691EDE22AB1B75600CA92AD /* Resources */ = {
			isa = PBXResourcesBuildPhase;
			buildActionMask = 2147483647;
			files = (
				067F973D2AC843D800614916 /* LOAD.GIF in Resources */,
				0691EDEF2AB1B75700CA92AD /* Preview Assets.xcassets in Resources */,
				0691EDEC2AB1B75700CA92AD /* Assets.xcassets in Resources */,
				062189862AC7308500F65105 /* Launch Screen.storyboard in Resources */,
				0691EDFD2AB1BE1300CA92AD /* GoogleService-Info.plist in Resources */,
			);
			runOnlyForDeploymentPostprocessing = 0;
		};
/* End PBXResourcesBuildPhase section */

/* Begin PBXSourcesBuildPhase section */
		0691EDE02AB1B75600CA92AD /* Sources */ = {
			isa = PBXSourcesBuildPhase;
			buildActionMask = 2147483647;
			files = (
				067F97AD2AC85A5E00614916 /* HideKeyboardButton.swift in Sources */,
				0691EE092AB1EF7300CA92AD /* ToDoListView.swift in Sources */,
				0691EE212AB305BD00CA92AD /* HeaderView.swift in Sources */,
				0691EDEA2AB1B75600CA92AD /* MainView.swift in Sources */,
				067F97AB2AC853AA00614916 /* ImagePicker.swift in Sources */,
				0691EE1D2AB1F36800CA92AD /* RegisterViewViewModel.swift in Sources */,
				0691EE132AB1F12F00CA92AD /* MainViewViewModel.swift in Sources */,
				0691EE0B2AB1EF9B00CA92AD /* NewItemView.swift in Sources */,
				0691EE072AB1EEF800CA92AD /* RegisterView.swift in Sources */,
				0691EE232ABC3AAC00CA92AD /* TLButton.swift in Sources */,
				067F97B62ACC747700614916 /* ArrayManager.swift in Sources */,
				067F97BA2ACC776400614916 /* ColorCell.swift in Sources */,
				0691EE152AB1F16100CA92AD /* ProfileViewViewModel.swift in Sources */,
				0691EE032AB1E4EA00CA92AD /* ProfileView.swift in Sources */,
				0691EE0F2AB1F0BC00CA92AD /* User.swift in Sources */,
				0691EE0D2AB1EFFA00CA92AD /* ToDoListItemView.swift in Sources */,
				067F97B32ACB323400614916 /* MessageText.swift in Sources */,
				0691EE172AB1F2C600CA92AD /* ToDoListViewViewModel.swift in Sources */,
				0691EE1B2AB1F34A00CA92AD /* LoginViewViewModel.swift in Sources */,
				0691EE052AB1E65200CA92AD /* LoginView.swift in Sources */,
				0691EE112AB1F0DD00CA92AD /* ToDoListItem.swift in Sources */,
				0691EDE82AB1B75600CA92AD /* ToDoListApp.swift in Sources */,
				0691EE192AB1F30F00CA92AD /* NewItemViewViewModel.swift in Sources */,
				067F97B12ACB2BB800614916 /* DMButton.swift in Sources */,
				0691EE1F2AB1F39D00CA92AD /* ToDoListItemViewViewModel.swift in Sources */,
				06E4D2E52ABF5A7200E0B25A /* Encodable.swift in Sources */,
			);
			runOnlyForDeploymentPostprocessing = 0;
		};
/* End PBXSourcesBuildPhase section */

/* Begin XCBuildConfiguration section */
		0691EDF02AB1B75700CA92AD /* Debug */ = {
			isa = XCBuildConfiguration;
			buildSettings = {
				ALWAYS_SEARCH_USER_PATHS = NO;
				CLANG_ANALYZER_NONNULL = YES;
				CLANG_ANALYZER_NUMBER_OBJECT_CONVERSION = YES_AGGRESSIVE;
				CLANG_CXX_LANGUAGE_STANDARD = "gnu++20";
				CLANG_ENABLE_MODULES = YES;
				CLANG_ENABLE_OBJC_ARC = YES;
				CLANG_ENABLE_OBJC_WEAK = YES;
				CLANG_WARN_BLOCK_CAPTURE_AUTORELEASING = YES;
				CLANG_WARN_BOOL_CONVERSION = YES;
				CLANG_WARN_COMMA = YES;
				CLANG_WARN_CONSTANT_CONVERSION = YES;
				CLANG_WARN_DEPRECATED_OBJC_IMPLEMENTATIONS = YES;
				CLANG_WARN_DIRECT_OBJC_ISA_USAGE = YES_ERROR;
				CLANG_WARN_DOCUMENTATION_COMMENTS = YES;
				CLANG_WARN_EMPTY_BODY = YES;
				CLANG_WARN_ENUM_CONVERSION = YES;
				CLANG_WARN_INFINITE_RECURSION = YES;
				CLANG_WARN_INT_CONVERSION = YES;
				CLANG_WARN_NON_LITERAL_NULL_CONVERSION = YES;
				CLANG_WARN_OBJC_IMPLICIT_RETAIN_SELF = YES;
				CLANG_WARN_OBJC_LITERAL_CONVERSION = YES;
				CLANG_WARN_OBJC_ROOT_CLASS = YES_ERROR;
				CLANG_WARN_QUOTED_INCLUDE_IN_FRAMEWORK_HEADER = YES;
				CLANG_WARN_RANGE_LOOP_ANALYSIS = YES;
				CLANG_WARN_STRICT_PROTOTYPES = YES;
				CLANG_WARN_SUSPICIOUS_MOVE = YES;
				CLANG_WARN_UNGUARDED_AVAILABILITY = YES_AGGRESSIVE;
				CLANG_WARN_UNREACHABLE_CODE = YES;
				CLANG_WARN__DUPLICATE_METHOD_MATCH = YES;
				COPY_PHASE_STRIP = NO;
				DEBUG_INFORMATION_FORMAT = dwarf;
				ENABLE_STRICT_OBJC_MSGSEND = YES;
				ENABLE_TESTABILITY = YES;
				GCC_C_LANGUAGE_STANDARD = gnu11;
				GCC_DYNAMIC_NO_PIC = NO;
				GCC_NO_COMMON_BLOCKS = YES;
				GCC_OPTIMIZATION_LEVEL = 0;
				GCC_PREPROCESSOR_DEFINITIONS = (
					"DEBUG=1",
					"$(inherited)",
				);
				GCC_WARN_64_TO_32_BIT_CONVERSION = YES;
				GCC_WARN_ABOUT_RETURN_TYPE = YES_ERROR;
				GCC_WARN_UNDECLARED_SELECTOR = YES;
				GCC_WARN_UNINITIALIZED_AUTOS = YES_AGGRESSIVE;
				GCC_WARN_UNUSED_FUNCTION = YES;
				GCC_WARN_UNUSED_VARIABLE = YES;
				IPHONEOS_DEPLOYMENT_TARGET = 16.4;
				MTL_ENABLE_DEBUG_INFO = INCLUDE_SOURCE;
				MTL_FAST_MATH = YES;
				ONLY_ACTIVE_ARCH = YES;
				SDKROOT = iphoneos;
				SWIFT_ACTIVE_COMPILATION_CONDITIONS = DEBUG;
				SWIFT_OPTIMIZATION_LEVEL = "-Onone";
			};
			name = Debug;
		};
		0691EDF12AB1B75700CA92AD /* Release */ = {
			isa = XCBuildConfiguration;
			buildSettings = {
				ALWAYS_SEARCH_USER_PATHS = NO;
				CLANG_ANALYZER_NONNULL = YES;
				CLANG_ANALYZER_NUMBER_OBJECT_CONVERSION = YES_AGGRESSIVE;
				CLANG_CXX_LANGUAGE_STANDARD = "gnu++20";
				CLANG_ENABLE_MODULES = YES;
				CLANG_ENABLE_OBJC_ARC = YES;
				CLANG_ENABLE_OBJC_WEAK = YES;
				CLANG_WARN_BLOCK_CAPTURE_AUTORELEASING = YES;
				CLANG_WARN_BOOL_CONVERSION = YES;
				CLANG_WARN_COMMA = YES;
				CLANG_WARN_CONSTANT_CONVERSION = YES;
				CLANG_WARN_DEPRECATED_OBJC_IMPLEMENTATIONS = YES;
				CLANG_WARN_DIRECT_OBJC_ISA_USAGE = YES_ERROR;
				CLANG_WARN_DOCUMENTATION_COMMENTS = YES;
				CLANG_WARN_EMPTY_BODY = YES;
				CLANG_WARN_ENUM_CONVERSION = YES;
				CLANG_WARN_INFINITE_RECURSION = YES;
				CLANG_WARN_INT_CONVERSION = YES;
				CLANG_WARN_NON_LITERAL_NULL_CONVERSION = YES;
				CLANG_WARN_OBJC_IMPLICIT_RETAIN_SELF = YES;
				CLANG_WARN_OBJC_LITERAL_CONVERSION = YES;
				CLANG_WARN_OBJC_ROOT_CLASS = YES_ERROR;
				CLANG_WARN_QUOTED_INCLUDE_IN_FRAMEWORK_HEADER = YES;
				CLANG_WARN_RANGE_LOOP_ANALYSIS = YES;
				CLANG_WARN_STRICT_PROTOTYPES = YES;
				CLANG_WARN_SUSPICIOUS_MOVE = YES;
				CLANG_WARN_UNGUARDED_AVAILABILITY = YES_AGGRESSIVE;
				CLANG_WARN_UNREACHABLE_CODE = YES;
				CLANG_WARN__DUPLICATE_METHOD_MATCH = YES;
				COPY_PHASE_STRIP = NO;
				DEBUG_INFORMATION_FORMAT = "dwarf-with-dsym";
				ENABLE_NS_ASSERTIONS = NO;
				ENABLE_STRICT_OBJC_MSGSEND = YES;
				GCC_C_LANGUAGE_STANDARD = gnu11;
				GCC_NO_COMMON_BLOCKS = YES;
				GCC_WARN_64_TO_32_BIT_CONVERSION = YES;
				GCC_WARN_ABOUT_RETURN_TYPE = YES_ERROR;
				GCC_WARN_UNDECLARED_SELECTOR = YES;
				GCC_WARN_UNINITIALIZED_AUTOS = YES_AGGRESSIVE;
				GCC_WARN_UNUSED_FUNCTION = YES;
				GCC_WARN_UNUSED_VARIABLE = YES;
				IPHONEOS_DEPLOYMENT_TARGET = 16.4;
				MTL_ENABLE_DEBUG_INFO = NO;
				MTL_FAST_MATH = YES;
				SDKROOT = iphoneos;
				SWIFT_COMPILATION_MODE = wholemodule;
				SWIFT_OPTIMIZATION_LEVEL = "-O";
				VALIDATE_PRODUCT = YES;
			};
			name = Release;
		};
		0691EDF32AB1B75700CA92AD /* Debug */ = {
			isa = XCBuildConfiguration;
			buildSettings = {
				ASSETCATALOG_COMPILER_APPICON_NAME = AppIcon;
				ASSETCATALOG_COMPILER_GLOBAL_ACCENT_COLOR_NAME = AccentColor;
				CODE_SIGN_STYLE = Automatic;
				CURRENT_PROJECT_VERSION = 1;
				DEVELOPMENT_ASSET_PATHS = "\"ToDoList/Preview Content\"";
				DEVELOPMENT_TEAM = CS86XU9U4V;
				ENABLE_PREVIEWS = YES;
				GENERATE_INFOPLIST_FILE = YES;
				INFOPLIST_KEY_UIApplicationSceneManifest_Generation = YES;
				INFOPLIST_KEY_UIApplicationSupportsIndirectInputEvents = YES;
				INFOPLIST_KEY_UILaunchScreen_Generation = YES;
				INFOPLIST_KEY_UILaunchStoryboardName = "Launch Screen.storyboard";
				INFOPLIST_KEY_UISupportedInterfaceOrientations = UIInterfaceOrientationPortrait;
				LD_RUNPATH_SEARCH_PATHS = (
					"$(inherited)",
					"@executable_path/Frameworks",
				);
				MARKETING_VERSION = 1.0;
				PRODUCT_BUNDLE_IDENTIFIER = com.sean.ToDoList;
				PRODUCT_NAME = "$(TARGET_NAME)";
				SWIFT_EMIT_LOC_STRINGS = YES;
				SWIFT_VERSION = 5.0;
				TARGETED_DEVICE_FAMILY = "1,2";
			};
			name = Debug;
		};
		0691EDF42AB1B75700CA92AD /* Release */ = {
			isa = XCBuildConfiguration;
			buildSettings = {
				ASSETCATALOG_COMPILER_APPICON_NAME = AppIcon;
				ASSETCATALOG_COMPILER_GLOBAL_ACCENT_COLOR_NAME = AccentColor;
				CODE_SIGN_STYLE = Automatic;
				CURRENT_PROJECT_VERSION = 1;
				DEVELOPMENT_ASSET_PATHS = "\"ToDoList/Preview Content\"";
				DEVELOPMENT_TEAM = CS86XU9U4V;
				ENABLE_PREVIEWS = YES;
				GENERATE_INFOPLIST_FILE = YES;
				INFOPLIST_KEY_UIApplicationSceneManifest_Generation = YES;
				INFOPLIST_KEY_UIApplicationSupportsIndirectInputEvents = YES;
				INFOPLIST_KEY_UILaunchScreen_Generation = YES;
				INFOPLIST_KEY_UILaunchStoryboardName = "Launch Screen.storyboard";
				INFOPLIST_KEY_UISupportedInterfaceOrientations = UIInterfaceOrientationPortrait;
				LD_RUNPATH_SEARCH_PATHS = (
					"$(inherited)",
					"@executable_path/Frameworks",
				);
				MARKETING_VERSION = 1.0;
				PRODUCT_BUNDLE_IDENTIFIER = com.sean.ToDoList;
				PRODUCT_NAME = "$(TARGET_NAME)";
				SWIFT_EMIT_LOC_STRINGS = YES;
				SWIFT_VERSION = 5.0;
				TARGETED_DEVICE_FAMILY = "1,2";
			};
			name = Release;
		};
/* End XCBuildConfiguration section */

/* Begin XCConfigurationList section */
		0691EDDF2AB1B75600CA92AD /* Build configuration list for PBXProject "ToDoList" */ = {
			isa = XCConfigurationList;
			buildConfigurations = (
				0691EDF02AB1B75700CA92AD /* Debug */,
				0691EDF12AB1B75700CA92AD /* Release */,
			);
			defaultConfigurationIsVisible = 0;
			defaultConfigurationName = Release;
		};
		0691EDF22AB1B75700CA92AD /* Build configuration list for PBXNativeTarget "ToDoList" */ = {
			isa = XCConfigurationList;
			buildConfigurations = (
				0691EDF32AB1B75700CA92AD /* Debug */,
				0691EDF42AB1B75700CA92AD /* Release */,
			);
			defaultConfigurationIsVisible = 0;
			defaultConfigurationName = Release;
		};
/* End XCConfigurationList section */

/* Begin XCRemoteSwiftPackageReference section */
		067F97382AC842F700614916 /* XCRemoteSwiftPackageReference "SDWebImageSwiftUI" */ = {
			isa = XCRemoteSwiftPackageReference;
			repositoryURL = "https://github.com/SDWebImage/SDWebImageSwiftUI";
			requirement = {
				kind = upToNextMajorVersion;
				minimumVersion = 2.2.3;
			};
		};
		0691EDF52AB1B8D700CA92AD /* XCRemoteSwiftPackageReference "firebase-ios-sdk" */ = {
			isa = XCRemoteSwiftPackageReference;
			repositoryURL = "https://github.com/firebase/firebase-ios-sdk";
			requirement = {
				kind = upToNextMajorVersion;
				minimumVersion = 10.0.0;
			};
		};
/* End XCRemoteSwiftPackageReference section */

/* Begin XCSwiftPackageProductDependency section */
		067F97392AC842F700614916 /* SDWebImageSwiftUI */ = {
			isa = XCSwiftPackageProductDependency;
			package = 067F97382AC842F700614916 /* XCRemoteSwiftPackageReference "SDWebImageSwiftUI" */;
			productName = SDWebImageSwiftUI;
		};
		067F973E2AC84BD300614916 /* FirebaseAnalytics */ = {
			isa = XCSwiftPackageProductDependency;
			package = 0691EDF52AB1B8D700CA92AD /* XCRemoteSwiftPackageReference "firebase-ios-sdk" */;
			productName = FirebaseAnalytics;
		};
		067F97402AC84BD300614916 /* FirebaseAnalyticsOnDeviceConversion */ = {
			isa = XCSwiftPackageProductDependency;
			package = 0691EDF52AB1B8D700CA92AD /* XCRemoteSwiftPackageReference "firebase-ios-sdk" */;
			productName = FirebaseAnalyticsOnDeviceConversion;
		};
		067F97422AC84BD300614916 /* FirebaseAnalyticsSwift */ = {
			isa = XCSwiftPackageProductDependency;
			package = 0691EDF52AB1B8D700CA92AD /* XCRemoteSwiftPackageReference "firebase-ios-sdk" */;
			productName = FirebaseAnalyticsSwift;
		};
		067F97442AC84BD300614916 /* FirebaseAnalyticsWithoutAdIdSupport */ = {
			isa = XCSwiftPackageProductDependency;
			package = 0691EDF52AB1B8D700CA92AD /* XCRemoteSwiftPackageReference "firebase-ios-sdk" */;
			productName = FirebaseAnalyticsWithoutAdIdSupport;
		};
		067F97462AC84BD300614916 /* FirebaseAppCheck */ = {
			isa = XCSwiftPackageProductDependency;
			package = 0691EDF52AB1B8D700CA92AD /* XCRemoteSwiftPackageReference "firebase-ios-sdk" */;
			productName = FirebaseAppCheck;
		};
		067F97482AC84BD300614916 /* FirebaseAppDistribution-Beta */ = {
			isa = XCSwiftPackageProductDependency;
			package = 0691EDF52AB1B8D700CA92AD /* XCRemoteSwiftPackageReference "firebase-ios-sdk" */;
			productName = "FirebaseAppDistribution-Beta";
		};
		067F974A2AC84BD300614916 /* FirebaseAuth */ = {
			isa = XCSwiftPackageProductDependency;
			package = 0691EDF52AB1B8D700CA92AD /* XCRemoteSwiftPackageReference "firebase-ios-sdk" */;
			productName = FirebaseAuth;
		};
		067F974C2AC84BD300614916 /* FirebaseAuthCombine-Community */ = {
			isa = XCSwiftPackageProductDependency;
			package = 0691EDF52AB1B8D700CA92AD /* XCRemoteSwiftPackageReference "firebase-ios-sdk" */;
			productName = "FirebaseAuthCombine-Community";
		};
		067F974E2AC84BD300614916 /* FirebaseCrashlytics */ = {
			isa = XCSwiftPackageProductDependency;
			package = 0691EDF52AB1B8D700CA92AD /* XCRemoteSwiftPackageReference "firebase-ios-sdk" */;
			productName = FirebaseCrashlytics;
		};
		067F97502AC84BD300614916 /* FirebaseDatabase */ = {
			isa = XCSwiftPackageProductDependency;
			package = 0691EDF52AB1B8D700CA92AD /* XCRemoteSwiftPackageReference "firebase-ios-sdk" */;
			productName = FirebaseDatabase;
		};
		067F97522AC84BD300614916 /* FirebaseDatabaseSwift */ = {
			isa = XCSwiftPackageProductDependency;
			package = 0691EDF52AB1B8D700CA92AD /* XCRemoteSwiftPackageReference "firebase-ios-sdk" */;
			productName = FirebaseDatabaseSwift;
		};
		067F97542AC84BD300614916 /* FirebaseDynamicLinks */ = {
			isa = XCSwiftPackageProductDependency;
			package = 0691EDF52AB1B8D700CA92AD /* XCRemoteSwiftPackageReference "firebase-ios-sdk" */;
			productName = FirebaseDynamicLinks;
		};
		067F97562AC84BD300614916 /* FirebaseFirestore */ = {
			isa = XCSwiftPackageProductDependency;
			package = 0691EDF52AB1B8D700CA92AD /* XCRemoteSwiftPackageReference "firebase-ios-sdk" */;
			productName = FirebaseFirestore;
		};
		067F97582AC84BD300614916 /* FirebaseFirestoreCombine-Community */ = {
			isa = XCSwiftPackageProductDependency;
			package = 0691EDF52AB1B8D700CA92AD /* XCRemoteSwiftPackageReference "firebase-ios-sdk" */;
			productName = "FirebaseFirestoreCombine-Community";
		};
		067F975A2AC84BD300614916 /* FirebaseFirestoreSwift */ = {
			isa = XCSwiftPackageProductDependency;
			package = 0691EDF52AB1B8D700CA92AD /* XCRemoteSwiftPackageReference "firebase-ios-sdk" */;
			productName = FirebaseFirestoreSwift;
		};
		067F975C2AC84BD300614916 /* FirebaseFunctions */ = {
			isa = XCSwiftPackageProductDependency;
			package = 0691EDF52AB1B8D700CA92AD /* XCRemoteSwiftPackageReference "firebase-ios-sdk" */;
			productName = FirebaseFunctions;
		};
		067F975E2AC84BD300614916 /* FirebaseFunctionsCombine-Community */ = {
			isa = XCSwiftPackageProductDependency;
			package = 0691EDF52AB1B8D700CA92AD /* XCRemoteSwiftPackageReference "firebase-ios-sdk" */;
			productName = "FirebaseFunctionsCombine-Community";
		};
		067F97602AC84BD300614916 /* FirebaseInAppMessaging-Beta */ = {
			isa = XCSwiftPackageProductDependency;
			package = 0691EDF52AB1B8D700CA92AD /* XCRemoteSwiftPackageReference "firebase-ios-sdk" */;
			productName = "FirebaseInAppMessaging-Beta";
		};
		067F97622AC84BD300614916 /* FirebaseInAppMessagingSwift-Beta */ = {
			isa = XCSwiftPackageProductDependency;
			package = 0691EDF52AB1B8D700CA92AD /* XCRemoteSwiftPackageReference "firebase-ios-sdk" */;
			productName = "FirebaseInAppMessagingSwift-Beta";
		};
		067F97642AC84BD300614916 /* FirebaseInstallations */ = {
			isa = XCSwiftPackageProductDependency;
			package = 0691EDF52AB1B8D700CA92AD /* XCRemoteSwiftPackageReference "firebase-ios-sdk" */;
			productName = FirebaseInstallations;
		};
		067F97662AC84BD300614916 /* FirebaseMLModelDownloader */ = {
			isa = XCSwiftPackageProductDependency;
			package = 0691EDF52AB1B8D700CA92AD /* XCRemoteSwiftPackageReference "firebase-ios-sdk" */;
			productName = FirebaseMLModelDownloader;
		};
		067F97682AC84BD300614916 /* FirebaseMessaging */ = {
			isa = XCSwiftPackageProductDependency;
			package = 0691EDF52AB1B8D700CA92AD /* XCRemoteSwiftPackageReference "firebase-ios-sdk" */;
			productName = FirebaseMessaging;
		};
		067F976A2AC84BD300614916 /* FirebasePerformance */ = {
			isa = XCSwiftPackageProductDependency;
			package = 0691EDF52AB1B8D700CA92AD /* XCRemoteSwiftPackageReference "firebase-ios-sdk" */;
			productName = FirebasePerformance;
		};
		067F976C2AC84BD300614916 /* FirebaseRemoteConfig */ = {
			isa = XCSwiftPackageProductDependency;
			package = 0691EDF52AB1B8D700CA92AD /* XCRemoteSwiftPackageReference "firebase-ios-sdk" */;
			productName = FirebaseRemoteConfig;
		};
		067F976E2AC84BD300614916 /* FirebaseRemoteConfigSwift */ = {
			isa = XCSwiftPackageProductDependency;
			package = 0691EDF52AB1B8D700CA92AD /* XCRemoteSwiftPackageReference "firebase-ios-sdk" */;
			productName = FirebaseRemoteConfigSwift;
		};
		067F97702AC84BD300614916 /* FirebaseStorage */ = {
			isa = XCSwiftPackageProductDependency;
			package = 0691EDF52AB1B8D700CA92AD /* XCRemoteSwiftPackageReference "firebase-ios-sdk" */;
			productName = FirebaseStorage;
		};
		067F97722AC84BD300614916 /* FirebaseStorageCombine-Community */ = {
			isa = XCSwiftPackageProductDependency;
			package = 0691EDF52AB1B8D700CA92AD /* XCRemoteSwiftPackageReference "firebase-ios-sdk" */;
			productName = "FirebaseStorageCombine-Community";
		};
		067F97742AC84BFE00614916 /* FirebaseAnalytics */ = {
			isa = XCSwiftPackageProductDependency;
			package = 0691EDF52AB1B8D700CA92AD /* XCRemoteSwiftPackageReference "firebase-ios-sdk" */;
			productName = FirebaseAnalytics;
		};
		067F97762AC84BFE00614916 /* FirebaseAnalyticsOnDeviceConversion */ = {
			isa = XCSwiftPackageProductDependency;
			package = 0691EDF52AB1B8D700CA92AD /* XCRemoteSwiftPackageReference "firebase-ios-sdk" */;
			productName = FirebaseAnalyticsOnDeviceConversion;
		};
		067F97782AC84BFE00614916 /* FirebaseAnalyticsSwift */ = {
			isa = XCSwiftPackageProductDependency;
			package = 0691EDF52AB1B8D700CA92AD /* XCRemoteSwiftPackageReference "firebase-ios-sdk" */;
			productName = FirebaseAnalyticsSwift;
		};
		067F977A2AC84BFE00614916 /* FirebaseAnalyticsWithoutAdIdSupport */ = {
			isa = XCSwiftPackageProductDependency;
			package = 0691EDF52AB1B8D700CA92AD /* XCRemoteSwiftPackageReference "firebase-ios-sdk" */;
			productName = FirebaseAnalyticsWithoutAdIdSupport;
		};
		067F977C2AC84BFE00614916 /* FirebaseAppCheck */ = {
			isa = XCSwiftPackageProductDependency;
			package = 0691EDF52AB1B8D700CA92AD /* XCRemoteSwiftPackageReference "firebase-ios-sdk" */;
			productName = FirebaseAppCheck;
		};
		067F977E2AC84BFE00614916 /* FirebaseAppDistribution-Beta */ = {
			isa = XCSwiftPackageProductDependency;
			package = 0691EDF52AB1B8D700CA92AD /* XCRemoteSwiftPackageReference "firebase-ios-sdk" */;
			productName = "FirebaseAppDistribution-Beta";
		};
		067F97802AC84BFE00614916 /* FirebaseAuth */ = {
			isa = XCSwiftPackageProductDependency;
			package = 0691EDF52AB1B8D700CA92AD /* XCRemoteSwiftPackageReference "firebase-ios-sdk" */;
			productName = FirebaseAuth;
		};
		067F97822AC84BFE00614916 /* FirebaseAuthCombine-Community */ = {
			isa = XCSwiftPackageProductDependency;
			package = 0691EDF52AB1B8D700CA92AD /* XCRemoteSwiftPackageReference "firebase-ios-sdk" */;
			productName = "FirebaseAuthCombine-Community";
		};
		067F97842AC84BFE00614916 /* FirebaseCrashlytics */ = {
			isa = XCSwiftPackageProductDependency;
			package = 0691EDF52AB1B8D700CA92AD /* XCRemoteSwiftPackageReference "firebase-ios-sdk" */;
			productName = FirebaseCrashlytics;
		};
		067F97862AC84BFE00614916 /* FirebaseDatabase */ = {
			isa = XCSwiftPackageProductDependency;
			package = 0691EDF52AB1B8D700CA92AD /* XCRemoteSwiftPackageReference "firebase-ios-sdk" */;
			productName = FirebaseDatabase;
		};
		067F97882AC84BFE00614916 /* FirebaseDatabaseSwift */ = {
			isa = XCSwiftPackageProductDependency;
			package = 0691EDF52AB1B8D700CA92AD /* XCRemoteSwiftPackageReference "firebase-ios-sdk" */;
			productName = FirebaseDatabaseSwift;
		};
		067F978A2AC84BFE00614916 /* FirebaseDynamicLinks */ = {
			isa = XCSwiftPackageProductDependency;
			package = 0691EDF52AB1B8D700CA92AD /* XCRemoteSwiftPackageReference "firebase-ios-sdk" */;
			productName = FirebaseDynamicLinks;
		};
		067F978C2AC84BFE00614916 /* FirebaseFirestore */ = {
			isa = XCSwiftPackageProductDependency;
			package = 0691EDF52AB1B8D700CA92AD /* XCRemoteSwiftPackageReference "firebase-ios-sdk" */;
			productName = FirebaseFirestore;
		};
		067F978E2AC84BFE00614916 /* FirebaseFirestoreCombine-Community */ = {
			isa = XCSwiftPackageProductDependency;
			package = 0691EDF52AB1B8D700CA92AD /* XCRemoteSwiftPackageReference "firebase-ios-sdk" */;
			productName = "FirebaseFirestoreCombine-Community";
		};
		067F97902AC84BFE00614916 /* FirebaseFirestoreSwift */ = {
			isa = XCSwiftPackageProductDependency;
			package = 0691EDF52AB1B8D700CA92AD /* XCRemoteSwiftPackageReference "firebase-ios-sdk" */;
			productName = FirebaseFirestoreSwift;
		};
		067F97922AC84BFE00614916 /* FirebaseFunctions */ = {
			isa = XCSwiftPackageProductDependency;
			package = 0691EDF52AB1B8D700CA92AD /* XCRemoteSwiftPackageReference "firebase-ios-sdk" */;
			productName = FirebaseFunctions;
		};
		067F97942AC84BFE00614916 /* FirebaseFunctionsCombine-Community */ = {
			isa = XCSwiftPackageProductDependency;
			package = 0691EDF52AB1B8D700CA92AD /* XCRemoteSwiftPackageReference "firebase-ios-sdk" */;
			productName = "FirebaseFunctionsCombine-Community";
		};
		067F97962AC84BFE00614916 /* FirebaseInAppMessaging-Beta */ = {
			isa = XCSwiftPackageProductDependency;
			package = 0691EDF52AB1B8D700CA92AD /* XCRemoteSwiftPackageReference "firebase-ios-sdk" */;
			productName = "FirebaseInAppMessaging-Beta";
		};
		067F97982AC84BFE00614916 /* FirebaseInAppMessagingSwift-Beta */ = {
			isa = XCSwiftPackageProductDependency;
			package = 0691EDF52AB1B8D700CA92AD /* XCRemoteSwiftPackageReference "firebase-ios-sdk" */;
			productName = "FirebaseInAppMessagingSwift-Beta";
		};
		067F979A2AC84BFE00614916 /* FirebaseInstallations */ = {
			isa = XCSwiftPackageProductDependency;
			package = 0691EDF52AB1B8D700CA92AD /* XCRemoteSwiftPackageReference "firebase-ios-sdk" */;
			productName = FirebaseInstallations;
		};
		067F979C2AC84BFE00614916 /* FirebaseMLModelDownloader */ = {
			isa = XCSwiftPackageProductDependency;
			package = 0691EDF52AB1B8D700CA92AD /* XCRemoteSwiftPackageReference "firebase-ios-sdk" */;
			productName = FirebaseMLModelDownloader;
		};
		067F979E2AC84BFE00614916 /* FirebaseMessaging */ = {
			isa = XCSwiftPackageProductDependency;
			package = 0691EDF52AB1B8D700CA92AD /* XCRemoteSwiftPackageReference "firebase-ios-sdk" */;
			productName = FirebaseMessaging;
		};
		067F97A02AC84BFE00614916 /* FirebasePerformance */ = {
			isa = XCSwiftPackageProductDependency;
			package = 0691EDF52AB1B8D700CA92AD /* XCRemoteSwiftPackageReference "firebase-ios-sdk" */;
			productName = FirebasePerformance;
		};
		067F97A22AC84BFE00614916 /* FirebaseRemoteConfig */ = {
			isa = XCSwiftPackageProductDependency;
			package = 0691EDF52AB1B8D700CA92AD /* XCRemoteSwiftPackageReference "firebase-ios-sdk" */;
			productName = FirebaseRemoteConfig;
		};
		067F97A42AC84BFE00614916 /* FirebaseRemoteConfigSwift */ = {
			isa = XCSwiftPackageProductDependency;
			package = 0691EDF52AB1B8D700CA92AD /* XCRemoteSwiftPackageReference "firebase-ios-sdk" */;
			productName = FirebaseRemoteConfigSwift;
		};
		067F97A62AC84BFE00614916 /* FirebaseStorage */ = {
			isa = XCSwiftPackageProductDependency;
			package = 0691EDF52AB1B8D700CA92AD /* XCRemoteSwiftPackageReference "firebase-ios-sdk" */;
			productName = FirebaseStorage;
		};
		067F97A82AC84BFE00614916 /* FirebaseStorageCombine-Community */ = {
			isa = XCSwiftPackageProductDependency;
			package = 0691EDF52AB1B8D700CA92AD /* XCRemoteSwiftPackageReference "firebase-ios-sdk" */;
			productName = "FirebaseStorageCombine-Community";
		};
		0691EDF62AB1B8D700CA92AD /* FirebaseAuth */ = {
			isa = XCSwiftPackageProductDependency;
			package = 0691EDF52AB1B8D700CA92AD /* XCRemoteSwiftPackageReference "firebase-ios-sdk" */;
			productName = FirebaseAuth;
		};
		0691EDF82AB1B8D700CA92AD /* FirebaseFirestore */ = {
			isa = XCSwiftPackageProductDependency;
			package = 0691EDF52AB1B8D700CA92AD /* XCRemoteSwiftPackageReference "firebase-ios-sdk" */;
			productName = FirebaseFirestore;
		};
		0691EDFA2AB1B8D700CA92AD /* FirebaseFirestoreSwift */ = {
			isa = XCSwiftPackageProductDependency;
			package = 0691EDF52AB1B8D700CA92AD /* XCRemoteSwiftPackageReference "firebase-ios-sdk" */;
			productName = FirebaseFirestoreSwift;
		};
/* End XCSwiftPackageProductDependency section */
	};
	rootObject = 0691EDDC2AB1B75600CA92AD /* Project object */;
}
