// !$*UTF8*$!
{
	archiveVersion = 1;
	classes = {
	};
	objectVersion = 56;
	objects = {

/* Begin PBXBuildFile section */
		062189862AC7308500F65105 /* Launch Screen.storyboard in Resources */ = {isa = PBXBuildFile; fileRef = 062189852AC7308500F65105 /* Launch Screen.storyboard */; };
		0691EDE82AB1B75600CA92AD /* ToDoListApp.swift in Sources */ = {isa = PBXBuildFile; fileRef = 0691EDE72AB1B75600CA92AD /* ToDoListApp.swift */; };
		0691EDEA2AB1B75600CA92AD /* MainView.swift in Sources */ = {isa = PBXBuildFile; fileRef = 0691EDE92AB1B75600CA92AD /* MainView.swift */; };
		0691EDEC2AB1B75700CA92AD /* Assets.xcassets in Resources */ = {isa = PBXBuildFile; fileRef = 0691EDEB2AB1B75700CA92AD /* Assets.xcassets */; };
		0691EDEF2AB1B75700CA92AD /* Preview Assets.xcassets in Resources */ = {isa = PBXBuildFile; fileRef = 0691EDEE2AB1B75700CA92AD /* Preview Assets.xcassets */; };
		0691EDF72AB1B8D700CA92AD /* FirebaseAuth in Frameworks */ = {isa = PBXBuildFile; productRef = 0691EDF62AB1B8D700CA92AD /* FirebaseAuth */; };
		0691EDF92AB1B8D700CA92AD /* FirebaseFirestore in Frameworks */ = {isa = PBXBuildFile; productRef = 0691EDF82AB1B8D700CA92AD /* FirebaseFirestore */; };
		0691EDFB2AB1B8D700CA92AD /* FirebaseFirestoreSwift in Frameworks */ = {isa = PBXBuildFile; productRef = 0691EDFA2AB1B8D700CA92AD /* FirebaseFirestoreSwift */; };
		0691EDFD2AB1BE1300CA92AD /* GoogleService-Info.plist in Resources */ = {isa = PBXBuildFile; fileRef = 0691EDFC2AB1BE1300CA92AD /* GoogleService-Info.plist */; };
		0691EE032AB1E4EA00CA92AD /* ProfileView.swift in Sources */ = {isa = PBXBuildFile; fileRef = 0691EE022AB1E4EA00CA92AD /* ProfileView.swift */; };
		0691EE052AB1E65200CA92AD /* LoginView.swift in Sources */ = {isa = PBXBuildFile; fileRef = 0691EE042AB1E65200CA92AD /* LoginView.swift */; };
		0691EE072AB1EEF800CA92AD /* RegisterView.swift in Sources */ = {isa = PBXBuildFile; fileRef = 0691EE062AB1EEF800CA92AD /* RegisterView.swift */; };
		0691EE092AB1EF7300CA92AD /* ToDoListView.swift in Sources */ = {isa = PBXBuildFile; fileRef = 0691EE082AB1EF7300CA92AD /* ToDoListView.swift */; };
		0691EE0B2AB1EF9B00CA92AD /* NewItemView.swift in Sources */ = {isa = PBXBuildFile; fileRef = 0691EE0A2AB1EF9B00CA92AD /* NewItemView.swift */; };
		0691EE0D2AB1EFFA00CA92AD /* ToDoListItemView.swift in Sources */ = {isa = PBXBuildFile; fileRef = 0691EE0C2AB1EFFA00CA92AD /* ToDoListItemView.swift */; };
		0691EE0F2AB1F0BC00CA92AD /* User.swift in Sources */ = {isa = PBXBuildFile; fileRef = 0691EE0E2AB1F0BC00CA92AD /* User.swift */; };
		0691EE112AB1F0DD00CA92AD /* ToDoListItem.swift in Sources */ = {isa = PBXBuildFile; fileRef = 0691EE102AB1F0DD00CA92AD /* ToDoListItem.swift */; };
		0691EE132AB1F12F00CA92AD /* MainViewViewModel.swift in Sources */ = {isa = PBXBuildFile; fileRef = 0691EE122AB1F12F00CA92AD /* MainViewViewModel.swift */; };
		0691EE152AB1F16100CA92AD /* ProfileViewViewModel.swift in Sources */ = {isa = PBXBuildFile; fileRef = 0691EE142AB1F16100CA92AD /* ProfileViewViewModel.swift */; };
		0691EE172AB1F2C600CA92AD /* ToDoListViewViewModel.swift in Sources */ = {isa = PBXBuildFile; fileRef = 0691EE162AB1F2C600CA92AD /* ToDoListViewViewModel.swift */; };
		0691EE192AB1F30F00CA92AD /* NewItemViewViewModel.swift in Sources */ = {isa = PBXBuildFile; fileRef = 0691EE182AB1F30F00CA92AD /* NewItemViewViewModel.swift */; };
		0691EE1B2AB1F34A00CA92AD /* LoginViewViewModel.swift in Sources */ = {isa = PBXBuildFile; fileRef = 0691EE1A2AB1F34A00CA92AD /* LoginViewViewModel.swift */; };
		0691EE1D2AB1F36800CA92AD /* RegisterViewViewModel.swift in Sources */ = {isa = PBXBuildFile; fileRef = 0691EE1C2AB1F36800CA92AD /* RegisterViewViewModel.swift */; };
		0691EE1F2AB1F39D00CA92AD /* ToDoListItemViewViewModel.swift in Sources */ = {isa = PBXBuildFile; fileRef = 0691EE1E2AB1F39D00CA92AD /* ToDoListItemViewViewModel.swift */; };
		0691EE212AB305BD00CA92AD /* HeaderView.swift in Sources */ = {isa = PBXBuildFile; fileRef = 0691EE202AB305BD00CA92AD /* HeaderView.swift */; };
		0691EE232ABC3AAC00CA92AD /* TLButton.swift in Sources */ = {isa = PBXBuildFile; fileRef = 0691EE222ABC3AAC00CA92AD /* TLButton.swift */; };
		06E4D2E52ABF5A7200E0B25A /* Encodable.swift in Sources */ = {isa = PBXBuildFile; fileRef = 06E4D2E42ABF5A7200E0B25A /* Encodable.swift */; };
/* End PBXBuildFile section */

/* Begin PBXFileReference section */
		062189852AC7308500F65105 /* Launch Screen.storyboard */ = {isa = PBXFileReference; lastKnownFileType = file.storyboard; path = "Launch Screen.storyboard"; sourceTree = "<group>"; };
		0691EDE42AB1B75600CA92AD /* ToDoList.app */ = {isa = PBXFileReference; explicitFileType = wrapper.application; includeInIndex = 0; path = ToDoList.app; sourceTree = BUILT_PRODUCTS_DIR; };
		0691EDE72AB1B75600CA92AD /* ToDoListApp.swift */ = {isa = PBXFileReference; lastKnownFileType = sourcecode.swift; path = ToDoListApp.swift; sourceTree = "<group>"; };
		0691EDE92AB1B75600CA92AD /* MainView.swift */ = {isa = PBXFileReference; lastKnownFileType = sourcecode.swift; path = MainView.swift; sourceTree = "<group>"; };
		0691EDEB2AB1B75700CA92AD /* Assets.xcassets */ = {isa = PBXFileReference; lastKnownFileType = folder.assetcatalog; path = Assets.xcassets; sourceTree = "<group>"; };
		0691EDEE2AB1B75700CA92AD /* Preview Assets.xcassets */ = {isa = PBXFileReference; lastKnownFileType = folder.assetcatalog; path = "Preview Assets.xcassets"; sourceTree = "<group>"; };
		0691EDFC2AB1BE1300CA92AD /* GoogleService-Info.plist */ = {isa = PBXFileReference; fileEncoding = 4; lastKnownFileType = text.plist.xml; path = "GoogleService-Info.plist"; sourceTree = "<group>"; };
		0691EE022AB1E4EA00CA92AD /* ProfileView.swift */ = {isa = PBXFileReference; lastKnownFileType = sourcecode.swift; path = ProfileView.swift; sourceTree = "<group>"; };
		0691EE042AB1E65200CA92AD /* LoginView.swift */ = {isa = PBXFileReference; lastKnownFileType = sourcecode.swift; path = LoginView.swift; sourceTree = "<group>"; };
		0691EE062AB1EEF800CA92AD /* RegisterView.swift */ = {isa = PBXFileReference; lastKnownFileType = sourcecode.swift; path = RegisterView.swift; sourceTree = "<group>"; };
		0691EE082AB1EF7300CA92AD /* ToDoListView.swift */ = {isa = PBXFileReference; lastKnownFileType = sourcecode.swift; path = ToDoListView.swift; sourceTree = "<group>"; };
		0691EE0A2AB1EF9B00CA92AD /* NewItemView.swift */ = {isa = PBXFileReference; lastKnownFileType = sourcecode.swift; path = NewItemView.swift; sourceTree = "<group>"; };
		0691EE0C2AB1EFFA00CA92AD /* ToDoListItemView.swift */ = {isa = PBXFileReference; lastKnownFileType = sourcecode.swift; path = ToDoListItemView.swift; sourceTree = "<group>"; };
		0691EE0E2AB1F0BC00CA92AD /* User.swift */ = {isa = PBXFileReference; lastKnownFileType = sourcecode.swift; path = User.swift; sourceTree = "<group>"; };
		0691EE102AB1F0DD00CA92AD /* ToDoListItem.swift */ = {isa = PBXFileReference; lastKnownFileType = sourcecode.swift; path = ToDoListItem.swift; sourceTree = "<group>"; };
		0691EE122AB1F12F00CA92AD /* MainViewViewModel.swift */ = {isa = PBXFileReference; lastKnownFileType = sourcecode.swift; path = MainViewViewModel.swift; sourceTree = "<group>"; };
		0691EE142AB1F16100CA92AD /* ProfileViewViewModel.swift */ = {isa = PBXFileReference; lastKnownFileType = sourcecode.swift; path = ProfileViewViewModel.swift; sourceTree = "<group>"; };
		0691EE162AB1F2C600CA92AD /* ToDoListViewViewModel.swift */ = {isa = PBXFileReference; lastKnownFileType = sourcecode.swift; path = ToDoListViewViewModel.swift; sourceTree = "<group>"; };
		0691EE182AB1F30F00CA92AD /* NewItemViewViewModel.swift */ = {isa = PBXFileReference; lastKnownFileType = sourcecode.swift; path = NewItemViewViewModel.swift; sourceTree = "<group>"; };
		0691EE1A2AB1F34A00CA92AD /* LoginViewViewModel.swift */ = {isa = PBXFileReference; lastKnownFileType = sourcecode.swift; path = LoginViewViewModel.swift; sourceTree = "<group>"; };
		0691EE1C2AB1F36800CA92AD /* RegisterViewViewModel.swift */ = {isa = PBXFileReference; lastKnownFileType = sourcecode.swift; path = RegisterViewViewModel.swift; sourceTree = "<group>"; };
		0691EE1E2AB1F39D00CA92AD /* ToDoListItemViewViewModel.swift */ = {isa = PBXFileReference; lastKnownFileType = sourcecode.swift; path = ToDoListItemViewViewModel.swift; sourceTree = "<group>"; };
		0691EE202AB305BD00CA92AD /* HeaderView.swift */ = {isa = PBXFileReference; lastKnownFileType = sourcecode.swift; path = HeaderView.swift; sourceTree = "<group>"; };
		0691EE222ABC3AAC00CA92AD /* TLButton.swift */ = {isa = PBXFileReference; lastKnownFileType = sourcecode.swift; path = TLButton.swift; sourceTree = "<group>"; };
		06E4D2E42ABF5A7200E0B25A /* Encodable.swift */ = {isa = PBXFileReference; lastKnownFileType = sourcecode.swift; path = Encodable.swift; sourceTree = "<group>"; };
/* End PBXFileReference section */

/* Begin PBXFrameworksBuildPhase section */
		0691EDE12AB1B75600CA92AD /* Frameworks */ = {
			isa = PBXFrameworksBuildPhase;
			buildActionMask = 2147483647;
			files = (
				0691EDF72AB1B8D700CA92AD /* FirebaseAuth in Frameworks */,
				0691EDF92AB1B8D700CA92AD /* FirebaseFirestore in Frameworks */,
				0691EDFB2AB1B8D700CA92AD /* FirebaseFirestoreSwift in Frameworks */,
			);
			runOnlyForDeploymentPostprocessing = 0;
		};
/* End PBXFrameworksBuildPhase section */

/* Begin PBXGroup section */
		0691EDDB2AB1B75600CA92AD = {
			isa = PBXGroup;
			children = (
				0691EDE62AB1B75600CA92AD /* ToDoList */,
				0691EDE52AB1B75600CA92AD /* Products */,
			);
			sourceTree = "<group>";
		};
		0691EDE52AB1B75600CA92AD /* Products */ = {
			isa = PBXGroup;
			children = (
				0691EDE42AB1B75600CA92AD /* ToDoList.app */,
			);
			name = Products;
			sourceTree = "<group>";
		};
		0691EDE62AB1B75600CA92AD /* ToDoList */ = {
			isa = PBXGroup;
			children = (
				06E4D2E62ABF5BEF00E0B25A /* Extension */,
				0691EE002AB1D96600CA92AD /* Model */,
				0691EE012AB1DA7900CA92AD /* Other */,
				0691EDFE2AB1D90300CA92AD /* View */,
				0691EDFF2AB1D92B00CA92AD /* ViewModel */,
				0691EDED2AB1B75700CA92AD /* Preview Content */,
			);
			path = ToDoList;
			sourceTree = "<group>";
		};
		0691EDED2AB1B75700CA92AD /* Preview Content */ = {
			isa = PBXGroup;
			children = (
				0691EDEE2AB1B75700CA92AD /* Preview Assets.xcassets */,
			);
			path = "Preview Content";
			sourceTree = "<group>";
		};
		0691EDFE2AB1D90300CA92AD /* View */ = {
			isa = PBXGroup;
			children = (
				0691EE202AB305BD00CA92AD /* HeaderView.swift */,
				0691EE042AB1E65200CA92AD /* LoginView.swift */,
				0691EDE92AB1B75600CA92AD /* MainView.swift */,
				0691EE0A2AB1EF9B00CA92AD /* NewItemView.swift */,
				0691EE022AB1E4EA00CA92AD /* ProfileView.swift */,
				0691EE062AB1EEF800CA92AD /* RegisterView.swift */,
				0691EE0C2AB1EFFA00CA92AD /* ToDoListItemView.swift */,
				0691EE082AB1EF7300CA92AD /* ToDoListView.swift */,
				0691EE222ABC3AAC00CA92AD /* TLButton.swift */,
			);
			path = View;
			sourceTree = "<group>";
		};
		0691EDFF2AB1D92B00CA92AD /* ViewModel */ = {
			isa = PBXGroup;
			children = (
				0691EE1A2AB1F34A00CA92AD /* LoginViewViewModel.swift */,
				0691EE122AB1F12F00CA92AD /* MainViewViewModel.swift */,
				0691EE182AB1F30F00CA92AD /* NewItemViewViewModel.swift */,
				0691EE142AB1F16100CA92AD /* ProfileViewViewModel.swift */,
				0691EE1C2AB1F36800CA92AD /* RegisterViewViewModel.swift */,
				0691EE1E2AB1F39D00CA92AD /* ToDoListItemViewViewModel.swift */,
				0691EE162AB1F2C600CA92AD /* ToDoListViewViewModel.swift */,
			);
			path = ViewModel;
			sourceTree = "<group>";
		};
		0691EE002AB1D96600CA92AD /* Model */ = {
			isa = PBXGroup;
			children = (
				0691EE102AB1F0DD00CA92AD /* ToDoListItem.swift */,
				0691EE0E2AB1F0BC00CA92AD /* User.swift */,
			);
			path = Model;
			sourceTree = "<group>";
		};
		0691EE012AB1DA7900CA92AD /* Other */ = {
			isa = PBXGroup;
			children = (
				062189852AC7308500F65105 /* Launch Screen.storyboard */,
				0691EDE72AB1B75600CA92AD /* ToDoListApp.swift */,
				0691EDEB2AB1B75700CA92AD /* Assets.xcassets */,
				0691EDFC2AB1BE1300CA92AD /* GoogleService-Info.plist */,
			);
			path = Other;
			sourceTree = "<group>";
		};
		06E4D2E62ABF5BEF00E0B25A /* Extension */ = {
			isa = PBXGroup;
			children = (
				06E4D2E42ABF5A7200E0B25A /* Encodable.swift */,
			);
			path = Extension;
			sourceTree = "<group>";
		};
/* End PBXGroup section */

/* Begin PBXNativeTarget section */
		0691EDE32AB1B75600CA92AD /* ToDoList */ = {
			isa = PBXNativeTarget;
			buildConfigurationList = 0691EDF22AB1B75700CA92AD /* Build configuration list for PBXNativeTarget "ToDoList" */;
			buildPhases = (
				0691EDE02AB1B75600CA92AD /* Sources */,
				0691EDE12AB1B75600CA92AD /* Frameworks */,
				0691EDE22AB1B75600CA92AD /* Resources */,
			);
			buildRules = (
			);
			dependencies = (
			);
			name = ToDoList;
			packageProductDependencies = (
				0691EDF62AB1B8D700CA92AD /* FirebaseAuth */,
				0691EDF82AB1B8D700CA92AD /* FirebaseFirestore */,
				0691EDFA2AB1B8D700CA92AD /* FirebaseFirestoreSwift */,
			);
			productName = ToDoList;
			productReference = 0691EDE42AB1B75600CA92AD /* ToDoList.app */;
			productType = "com.apple.product-type.application";
		};
/* End PBXNativeTarget section */

/* Begin PBXProject section */
		0691EDDC2AB1B75600CA92AD /* Project object */ = {
			isa = PBXProject;
			attributes = {
				BuildIndependentTargetsInParallel = 1;
				LastSwiftUpdateCheck = 1430;
				LastUpgradeCheck = 1430;
				TargetAttributes = {
					0691EDE32AB1B75600CA92AD = {
						CreatedOnToolsVersion = 14.3;
					};
				};
			};
			buildConfigurationList = 0691EDDF2AB1B75600CA92AD /* Build configuration list for PBXProject "ToDoList" */;
			compatibilityVersion = "Xcode 14.0";
			developmentRegion = en;
			hasScannedForEncodings = 0;
			knownRegions = (
				en,
				Base,
			);
			mainGroup = 0691EDDB2AB1B75600CA92AD;
			packageReferences = (
				0691EDF52AB1B8D700CA92AD /* XCRemoteSwiftPackageReference "firebase-ios-sdk" */,
			);
			productRefGroup = 0691EDE52AB1B75600CA92AD /* Products */;
			projectDirPath = "";
			projectRoot = "";
			targets = (
				0691EDE32AB1B75600CA92AD /* ToDoList */,
			);
		};
/* End PBXProject section */

/* Begin PBXResourcesBuildPhase section */
		0691EDE22AB1B75600CA92AD /* Resources */ = {
			isa = PBXResourcesBuildPhase;
			buildActionMask = 2147483647;
			files = (
				0691EDEF2AB1B75700CA92AD /* Preview Assets.xcassets in Resources */,
				0691EDEC2AB1B75700CA92AD /* Assets.xcassets in Resources */,
				062189862AC7308500F65105 /* Launch Screen.storyboard in Resources */,
				0691EDFD2AB1BE1300CA92AD /* GoogleService-Info.plist in Resources */,
			);
			runOnlyForDeploymentPostprocessing = 0;
		};
/* End PBXResourcesBuildPhase section */

/* Begin PBXSourcesBuildPhase section */
		0691EDE02AB1B75600CA92AD /* Sources */ = {
			isa = PBXSourcesBuildPhase;
			buildActionMask = 2147483647;
			files = (
				0691EE092AB1EF7300CA92AD /* ToDoListView.swift in Sources */,
				0691EE212AB305BD00CA92AD /* HeaderView.swift in Sources */,
				0691EDEA2AB1B75600CA92AD /* MainView.swift in Sources */,
				0691EE1D2AB1F36800CA92AD /* RegisterViewViewModel.swift in Sources */,
				0691EE132AB1F12F00CA92AD /* MainViewViewModel.swift in Sources */,
				0691EE0B2AB1EF9B00CA92AD /* NewItemView.swift in Sources */,
				0691EE072AB1EEF800CA92AD /* RegisterView.swift in Sources */,
				0691EE232ABC3AAC00CA92AD /* TLButton.swift in Sources */,
				0691EE152AB1F16100CA92AD /* ProfileViewViewModel.swift in Sources */,
				0691EE032AB1E4EA00CA92AD /* ProfileView.swift in Sources */,
				0691EE0F2AB1F0BC00CA92AD /* User.swift in Sources */,
				0691EE0D2AB1EFFA00CA92AD /* ToDoListItemView.swift in Sources */,
				0691EE172AB1F2C600CA92AD /* ToDoListViewViewModel.swift in Sources */,
				0691EE1B2AB1F34A00CA92AD /* LoginViewViewModel.swift in Sources */,
				0691EE052AB1E65200CA92AD /* LoginView.swift in Sources */,
				0691EE112AB1F0DD00CA92AD /* ToDoListItem.swift in Sources */,
				0691EDE82AB1B75600CA92AD /* ToDoListApp.swift in Sources */,
				0691EE192AB1F30F00CA92AD /* NewItemViewViewModel.swift in Sources */,
				0691EE1F2AB1F39D00CA92AD /* ToDoListItemViewViewModel.swift in Sources */,
				06E4D2E52ABF5A7200E0B25A /* Encodable.swift in Sources */,
			);
			runOnlyForDeploymentPostprocessing = 0;
		};
/* End PBXSourcesBuildPhase section */

/* Begin XCBuildConfiguration section */
		0691EDF02AB1B75700CA92AD /* Debug */ = {
			isa = XCBuildConfiguration;
			buildSettings = {
				ALWAYS_SEARCH_USER_PATHS = NO;
				CLANG_ANALYZER_NONNULL = YES;
				CLANG_ANALYZER_NUMBER_OBJECT_CONVERSION = YES_AGGRESSIVE;
				CLANG_CXX_LANGUAGE_STANDARD = "gnu++20";
				CLANG_ENABLE_MODULES = YES;
				CLANG_ENABLE_OBJC_ARC = YES;
				CLANG_ENABLE_OBJC_WEAK = YES;
				CLANG_WARN_BLOCK_CAPTURE_AUTORELEASING = YES;
				CLANG_WARN_BOOL_CONVERSION = YES;
				CLANG_WARN_COMMA = YES;
				CLANG_WARN_CONSTANT_CONVERSION = YES;
				CLANG_WARN_DEPRECATED_OBJC_IMPLEMENTATIONS = YES;
				CLANG_WARN_DIRECT_OBJC_ISA_USAGE = YES_ERROR;
				CLANG_WARN_DOCUMENTATION_COMMENTS = YES;
				CLANG_WARN_EMPTY_BODY = YES;
				CLANG_WARN_ENUM_CONVERSION = YES;
				CLANG_WARN_INFINITE_RECURSION = YES;
				CLANG_WARN_INT_CONVERSION = YES;
				CLANG_WARN_NON_LITERAL_NULL_CONVERSION = YES;
				CLANG_WARN_OBJC_IMPLICIT_RETAIN_SELF = YES;
				CLANG_WARN_OBJC_LITERAL_CONVERSION = YES;
				CLANG_WARN_OBJC_ROOT_CLASS = YES_ERROR;
				CLANG_WARN_QUOTED_INCLUDE_IN_FRAMEWORK_HEADER = YES;
				CLANG_WARN_RANGE_LOOP_ANALYSIS = YES;
				CLANG_WARN_STRICT_PROTOTYPES = YES;
				CLANG_WARN_SUSPICIOUS_MOVE = YES;
				CLANG_WARN_UNGUARDED_AVAILABILITY = YES_AGGRESSIVE;
				CLANG_WARN_UNREACHABLE_CODE = YES;
				CLANG_WARN__DUPLICATE_METHOD_MATCH = YES;
				COPY_PHASE_STRIP = NO;
				DEBUG_INFORMATION_FORMAT = dwarf;
				ENABLE_STRICT_OBJC_MSGSEND = YES;
				ENABLE_TESTABILITY = YES;
				GCC_C_LANGUAGE_STANDARD = gnu11;
				GCC_DYNAMIC_NO_PIC = NO;
				GCC_NO_COMMON_BLOCKS = YES;
				GCC_OPTIMIZATION_LEVEL = 0;
				GCC_PREPROCESSOR_DEFINITIONS = (
					"DEBUG=1",
					"$(inherited)",
				);
				GCC_WARN_64_TO_32_BIT_CONVERSION = YES;
				GCC_WARN_ABOUT_RETURN_TYPE = YES_ERROR;
				GCC_WARN_UNDECLARED_SELECTOR = YES;
				GCC_WARN_UNINITIALIZED_AUTOS = YES_AGGRESSIVE;
				GCC_WARN_UNUSED_FUNCTION = YES;
				GCC_WARN_UNUSED_VARIABLE = YES;
				IPHONEOS_DEPLOYMENT_TARGET = 16.4;
				MTL_ENABLE_DEBUG_INFO = INCLUDE_SOURCE;
				MTL_FAST_MATH = YES;
				ONLY_ACTIVE_ARCH = YES;
				SDKROOT = iphoneos;
				SWIFT_ACTIVE_COMPILATION_CONDITIONS = DEBUG;
				SWIFT_OPTIMIZATION_LEVEL = "-Onone";
			};
			name = Debug;
		};
		0691EDF12AB1B75700CA92AD /* Release */ = {
			isa = XCBuildConfiguration;
			buildSettings = {
				ALWAYS_SEARCH_USER_PATHS = NO;
				CLANG_ANALYZER_NONNULL = YES;
				CLANG_ANALYZER_NUMBER_OBJECT_CONVERSION = YES_AGGRESSIVE;
				CLANG_CXX_LANGUAGE_STANDARD = "gnu++20";
				CLANG_ENABLE_MODULES = YES;
				CLANG_ENABLE_OBJC_ARC = YES;
				CLANG_ENABLE_OBJC_WEAK = YES;
				CLANG_WARN_BLOCK_CAPTURE_AUTORELEASING = YES;
				CLANG_WARN_BOOL_CONVERSION = YES;
				CLANG_WARN_COMMA = YES;
				CLANG_WARN_CONSTANT_CONVERSION = YES;
				CLANG_WARN_DEPRECATED_OBJC_IMPLEMENTATIONS = YES;
				CLANG_WARN_DIRECT_OBJC_ISA_USAGE = YES_ERROR;
				CLANG_WARN_DOCUMENTATION_COMMENTS = YES;
				CLANG_WARN_EMPTY_BODY = YES;
				CLANG_WARN_ENUM_CONVERSION = YES;
				CLANG_WARN_INFINITE_RECURSION = YES;
				CLANG_WARN_INT_CONVERSION = YES;
				CLANG_WARN_NON_LITERAL_NULL_CONVERSION = YES;
				CLANG_WARN_OBJC_IMPLICIT_RETAIN_SELF = YES;
				CLANG_WARN_OBJC_LITERAL_CONVERSION = YES;
				CLANG_WARN_OBJC_ROOT_CLASS = YES_ERROR;
				CLANG_WARN_QUOTED_INCLUDE_IN_FRAMEWORK_HEADER = YES;
				CLANG_WARN_RANGE_LOOP_ANALYSIS = YES;
				CLANG_WARN_STRICT_PROTOTYPES = YES;
				CLANG_WARN_SUSPICIOUS_MOVE = YES;
				CLANG_WARN_UNGUARDED_AVAILABILITY = YES_AGGRESSIVE;
				CLANG_WARN_UNREACHABLE_CODE = YES;
				CLANG_WARN__DUPLICATE_METHOD_MATCH = YES;
				COPY_PHASE_STRIP = NO;
				DEBUG_INFORMATION_FORMAT = "dwarf-with-dsym";
				ENABLE_NS_ASSERTIONS = NO;
				ENABLE_STRICT_OBJC_MSGSEND = YES;
				GCC_C_LANGUAGE_STANDARD = gnu11;
				GCC_NO_COMMON_BLOCKS = YES;
				GCC_WARN_64_TO_32_BIT_CONVERSION = YES;
				GCC_WARN_ABOUT_RETURN_TYPE = YES_ERROR;
				GCC_WARN_UNDECLARED_SELECTOR = YES;
				GCC_WARN_UNINITIALIZED_AUTOS = YES_AGGRESSIVE;
				GCC_WARN_UNUSED_FUNCTION = YES;
				GCC_WARN_UNUSED_VARIABLE = YES;
				IPHONEOS_DEPLOYMENT_TARGET = 16.4;
				MTL_ENABLE_DEBUG_INFO = NO;
				MTL_FAST_MATH = YES;
				SDKROOT = iphoneos;
				SWIFT_COMPILATION_MODE = wholemodule;
				SWIFT_OPTIMIZATION_LEVEL = "-O";
				VALIDATE_PRODUCT = YES;
			};
			name = Release;
		};
		0691EDF32AB1B75700CA92AD /* Debug */ = {
			isa = XCBuildConfiguration;
			buildSettings = {
				ASSETCATALOG_COMPILER_APPICON_NAME = AppIcon;
				ASSETCATALOG_COMPILER_GLOBAL_ACCENT_COLOR_NAME = AccentColor;
				CODE_SIGN_STYLE = Automatic;
				CURRENT_PROJECT_VERSION = 1;
				DEVELOPMENT_ASSET_PATHS = "\"ToDoList/Preview Content\"";
				DEVELOPMENT_TEAM = CS86XU9U4V;
				ENABLE_PREVIEWS = YES;
				GENERATE_INFOPLIST_FILE = YES;
				INFOPLIST_KEY_UIApplicationSceneManifest_Generation = YES;
				INFOPLIST_KEY_UIApplicationSupportsIndirectInputEvents = YES;
				INFOPLIST_KEY_UILaunchScreen_Generation = YES;
				INFOPLIST_KEY_UILaunchStoryboardName = "Launch Screen.storyboard";
				INFOPLIST_KEY_UISupportedInterfaceOrientations = UIInterfaceOrientationPortrait;
				LD_RUNPATH_SEARCH_PATHS = (
					"$(inherited)",
					"@executable_path/Frameworks",
				);
				MARKETING_VERSION = 1.0;
				PRODUCT_BUNDLE_IDENTIFIER = com.sean.ToDoList;
				PRODUCT_NAME = "$(TARGET_NAME)";
				SWIFT_EMIT_LOC_STRINGS = YES;
				SWIFT_VERSION = 5.0;
				TARGETED_DEVICE_FAMILY = "1,2";
			};
			name = Debug;
		};
		0691EDF42AB1B75700CA92AD /* Release */ = {
			isa = XCBuildConfiguration;
			buildSettings = {
				ASSETCATALOG_COMPILER_APPICON_NAME = AppIcon;
				ASSETCATALOG_COMPILER_GLOBAL_ACCENT_COLOR_NAME = AccentColor;
				CODE_SIGN_STYLE = Automatic;
				CURRENT_PROJECT_VERSION = 1;
				DEVELOPMENT_ASSET_PATHS = "\"ToDoList/Preview Content\"";
				DEVELOPMENT_TEAM = CS86XU9U4V;
				ENABLE_PREVIEWS = YES;
				GENERATE_INFOPLIST_FILE = YES;
				INFOPLIST_KEY_UIApplicationSceneManifest_Generation = YES;
				INFOPLIST_KEY_UIApplicationSupportsIndirectInputEvents = YES;
				INFOPLIST_KEY_UILaunchScreen_Generation = YES;
				INFOPLIST_KEY_UILaunchStoryboardName = "Launch Screen.storyboard";
				INFOPLIST_KEY_UISupportedInterfaceOrientations = UIInterfaceOrientationPortrait;
				LD_RUNPATH_SEARCH_PATHS = (
					"$(inherited)",
					"@executable_path/Frameworks",
				);
				MARKETING_VERSION = 1.0;
				PRODUCT_BUNDLE_IDENTIFIER = com.sean.ToDoList;
				PRODUCT_NAME = "$(TARGET_NAME)";
				SWIFT_EMIT_LOC_STRINGS = YES;
				SWIFT_VERSION = 5.0;
				TARGETED_DEVICE_FAMILY = "1,2";
			};
			name = Release;
		};
/* End XCBuildConfiguration section */

/* Begin XCConfigurationList section */
		0691EDDF2AB1B75600CA92AD /* Build configuration list for PBXProject "ToDoList" */ = {
			isa = XCConfigurationList;
			buildConfigurations = (
				0691EDF02AB1B75700CA92AD /* Debug */,
				0691EDF12AB1B75700CA92AD /* Release */,
			);
			defaultConfigurationIsVisible = 0;
			defaultConfigurationName = Release;
		};
		0691EDF22AB1B75700CA92AD /* Build configuration list for PBXNativeTarget "ToDoList" */ = {
			isa = XCConfigurationList;
			buildConfigurations = (
				0691EDF32AB1B75700CA92AD /* Debug */,
				0691EDF42AB1B75700CA92AD /* Release */,
			);
			defaultConfigurationIsVisible = 0;
			defaultConfigurationName = Release;
		};
/* End XCConfigurationList section */

/* Begin XCRemoteSwiftPackageReference section */
		0691EDF52AB1B8D700CA92AD /* XCRemoteSwiftPackageReference "firebase-ios-sdk" */ = {
			isa = XCRemoteSwiftPackageReference;
			repositoryURL = "https://github.com/firebase/firebase-ios-sdk";
			requirement = {
				kind = upToNextMajorVersion;
				minimumVersion = 10.0.0;
			};
		};
/* End XCRemoteSwiftPackageReference section */

/* Begin XCSwiftPackageProductDependency section */
		0691EDF62AB1B8D700CA92AD /* FirebaseAuth */ = {
			isa = XCSwiftPackageProductDependency;
			package = 0691EDF52AB1B8D700CA92AD /* XCRemoteSwiftPackageReference "firebase-ios-sdk" */;
			productName = FirebaseAuth;
		};
		0691EDF82AB1B8D700CA92AD /* FirebaseFirestore */ = {
			isa = XCSwiftPackageProductDependency;
			package = 0691EDF52AB1B8D700CA92AD /* XCRemoteSwiftPackageReference "firebase-ios-sdk" */;
			productName = FirebaseFirestore;
		};
		0691EDFA2AB1B8D700CA92AD /* FirebaseFirestoreSwift */ = {
			isa = XCSwiftPackageProductDependency;
			package = 0691EDF52AB1B8D700CA92AD /* XCRemoteSwiftPackageReference "firebase-ios-sdk" */;
			productName = FirebaseFirestoreSwift;
		};
/* End XCSwiftPackageProductDependency section */
	};
	rootObject = 0691EDDC2AB1B75600CA92AD /* Project object */;
}
